{
  "version": 4,
  "terraform_version": "1.5.4",
  "serial": 28,
  "lineage": "ad555248-f1dd-789d-dc4c-eb1efb3e9387",
  "outputs": {
    "test_cluster_host": {
      "value": "34.31.223.65",
      "type": "string"
    },
    "test_cluster_name": {
      "value": "gifs-website-test",
      "type": "string"
    }
  },
  "resources": [
    {
      "mode": "managed",
      "type": "google_compute_network",
      "name": "vpc",
      "provider": "provider[\"registry.terraform.io/hashicorp/google\"]",
      "instances": [
        {
          "schema_version": 0,
          "attributes": {
            "auto_create_subnetworks": false,
            "delete_default_routes_on_create": false,
            "description": "",
            "enable_ula_internal_ipv6": false,
            "gateway_ipv4": "",
            "id": "projects/lofty-dynamics-393510/global/networks/gifs-website-test-vpc",
            "internal_ipv6_range": "",
            "mtu": 0,
            "name": "gifs-website-test-vpc",
            "network_firewall_policy_enforcement_order": "AFTER_CLASSIC_FIREWALL",
            "project": "lofty-dynamics-393510",
            "routing_mode": "REGIONAL",
            "self_link": "https://www.googleapis.com/compute/v1/projects/lofty-dynamics-393510/global/networks/gifs-website-test-vpc",
            "timeouts": null
          },
          "sensitive_attributes": [],
          "private": "eyJlMmJmYjczMC1lY2FhLTExZTYtOGY4OC0zNDM2M2JjN2M0YzAiOnsiY3JlYXRlIjoxMjAwMDAwMDAwMDAwLCJkZWxldGUiOjEyMDAwMDAwMDAwMDAsInVwZGF0ZSI6MTIwMDAwMDAwMDAwMH19"
        }
      ]
    },
    {
      "mode": "managed",
      "type": "google_container_cluster",
      "name": "test_cluster",
      "provider": "provider[\"registry.terraform.io/hashicorp/google\"]",
      "instances": [
        {
          "schema_version": 1,
          "attributes": {
            "addons_config": [
              {
                "cloudrun_config": [],
                "config_connector_config": [],
                "dns_cache_config": [],
                "gce_persistent_disk_csi_driver_config": [
                  {
                    "enabled": true
                  }
                ],
                "gcp_filestore_csi_driver_config": [],
                "gcs_fuse_csi_driver_config": [],
                "gke_backup_agent_config": [],
                "horizontal_pod_autoscaling": [],
                "http_load_balancing": [],
                "network_policy_config": [
                  {
                    "disabled": true
                  }
                ]
              }
            ],
            "allow_net_admin": null,
            "authenticator_groups_config": [],
            "binary_authorization": [
              {
                "enabled": false,
                "evaluation_mode": ""
              }
            ],
            "cluster_autoscaling": [
              {
                "auto_provisioning_defaults": [],
                "enabled": false,
                "resource_limits": []
              }
            ],
            "cluster_ipv4_cidr": "10.28.0.0/14",
            "confidential_nodes": [],
            "cost_management_config": [],
            "database_encryption": [
              {
                "key_name": "",
                "state": "DECRYPTED"
              }
            ],
            "datapath_provider": "",
            "default_max_pods_per_node": null,
            "default_snat_status": [
              {
                "disabled": false
              }
            ],
            "description": "",
            "dns_config": [],
            "enable_autopilot": false,
            "enable_binary_authorization": false,
            "enable_intranode_visibility": false,
            "enable_k8s_beta_apis": [],
            "enable_kubernetes_alpha": false,
            "enable_l4_ilb_subsetting": false,
            "enable_legacy_abac": false,
            "enable_shielded_nodes": true,
            "enable_tpu": false,
            "endpoint": "34.31.223.65",
            "gateway_api_config": [],
            "id": "projects/lofty-dynamics-393510/locations/us-central1-a/clusters/gifs-website-test",
            "initial_node_count": 1,
            "ip_allocation_policy": [],
            "label_fingerprint": "a9dc16a7",
            "location": "us-central1-a",
            "logging_config": [
              {
                "enable_components": [
                  "SYSTEM_COMPONENTS",
                  "WORKLOADS"
                ]
              }
            ],
            "logging_service": "logging.googleapis.com/kubernetes",
            "maintenance_policy": [],
            "master_auth": [
              {
                "client_certificate": "",
                "client_certificate_config": [
                  {
                    "issue_client_certificate": false
                  }
                ],
                "client_key": "",
                "cluster_ca_certificate": "LS0tLS1CRUdJTiBDRVJUSUZJQ0FURS0tLS0tCk1JSUVMRENDQXBTZ0F3SUJBZ0lRZWMxbGhRbHR3SDZTTVpKZk00dCthREFOQmdrcWhraUc5dzBCQVFzRkFEQXYKTVMwd0t3WURWUVFERXlRek1ESXlabVJqTXkweU1tUTFMVFJrWldZdE9UWTBPQzA1TUdSaFptSmhNamhqWlRjdwpJQmNOTWpNd09ESXpNRFkxT0RBd1doZ1BNakExTXpBNE1UVXdOelU0TURCYU1DOHhMVEFyQmdOVkJBTVRKRE13Ck1qSm1aR016TFRJeVpEVXROR1JsWmkwNU5qUTRMVGt3WkdGbVltRXlPR05sTnpDQ0FhSXdEUVlKS29aSWh2Y04KQVFFQkJRQURnZ0dQQURDQ0FZb0NnZ0dCQUsyZUc1U3dyRkhJcGNnQkVlUVROTjJNeWpNVmMwc3BoNE85aGU2RwpCSEdlOHpkNGpITEVzNlZvUVpmMXlqM2s4eHBHeEZzRDYwdVVtOGlxT1U4Y1dXNFFWSlBaOWhqZzUwOU42emwvCjJBOXNHRVZFKy9pM2ZycWIvd2VOczhLUkdZVUROeXF3UVpnR0VrNmZTSFBoelc0OUVIR2xNdFRNRnVDYkhvamYKbzJvM1hNUExlVnh1K2ZpcVptRWVFQ21ZNHdpZXJHY2Q1WlRHb0UyaFl5WW1TU1pUdkhtTW8yNVVBQ1gzdnBCbgpNVzVsemFiLzdnaEJ0dUxHQWU1c25yaHJyb1hkNFJPS3FLWWJkSDA0REpIWkt6engxVHRaMVh3OFI3K0tYMkhhCjdNSFRvNGNSMHZjVlR4d3FUc3BJdGU0SDA4N3pRNWtHUUV5SDZGZ0dnVitkTzA0bjd1YkJNcXVwbVR5SzBsT0YKeTFMNi9KazU2MWplYU56UXlmTGJUbmUvRkpCdUlsM1RpTndzck01Yk5mQjZ5WWJBZHFLRHZUWnpvYzhXY3dvTwpLbnhnaG1OSmVNYXVZK2lFazRZT0lGK2doR3h2ZER4aUVSQW9sS1g3QWxDQ3A1cVdMTDZRQmRodG85emxxUDdCCkhnVmlMcTdDcHh1TDYrZzdteXhGTXhpYWF3SURBUUFCbzBJd1FEQU9CZ05WSFE4QkFmOEVCQU1DQWdRd0R3WUQKVlIwVEFRSC9CQVV3QXdFQi96QWRCZ05WSFE0RUZnUVVPeW4wZzVLY3ZTeksvTnV3ZXI4cnFtZkRWL293RFFZSgpLb1pJaHZjTkFRRUxCUUFEZ2dHQkFCRkJxZm1VTXFkZERuVDF3dVJ3NXBMNFlZTzF0RnpVNTQ0MmtrcGxKbGlSCkVpM21DQ2cwdkJnU2ZvOVQzRE9YL0FCeXBYUTJsU2hzODE1YjF0Y1FQbXU0QU1hUEtrMVZ4dzVmUmpWT3JlVUMKd1lXRXZ5eks1a0ZtK0FWVzlQU2xaV2NxV1J5S214d1FvdG8zaFN3NG1DQS95Vm1teXVVYkdXZ2I3Z3BYa2xLcwpGNlhtenZIbXh1bnhBdnlYRm5xVjFPQ3lTMThCZ014TUI0NVdkWEV5Zi9uUll6WVYzdklyalhqc0dsNTFuSDQrCkpmUUh6UmphMHNPbkRUeFlaWnRrMldhNHNpYU9COW9kVGE5c2FtUThxKzN0MUNCRlowV09FZE5vcHRKcWVieTAKZ0pGMFo2V0ROVXpGUGV0Uncyb1pXZllETlM0bXlKRE5uOE5Ha2hYSnlkeElENmJCQVNpRXB2dVI0ZUgyMFcxTApWMzBadlYwZ2E3VkxZYklPazI4VERoNG5ybkhFbnZXK0JsWWdDdFRJaVpaNjhDSkhUZ0M0ZklENFN5V0NDMW5MClVxcGxLV1NlVnhlZndSaGIyQlJMa1NVYXQwWGRNNnZQc1RtTkJOS2tTanZ5alV4akFCbnNpd1hLalJRU3BvTmIKVXdYb0pjR3hlRGxVVFNqQlBHUXBjdz09Ci0tLS0tRU5EIENFUlRJRklDQVRFLS0tLS0K"
              }
            ],
            "master_authorized_networks_config": [],
            "master_version": "1.27.3-gke.100",
            "mesh_certificates": [],
            "min_master_version": null,
            "monitoring_config": [
              {
                "enable_components": [
                  "SYSTEM_COMPONENTS"
                ],
                "managed_prometheus": [
                  {
                    "enabled": true
                  }
                ]
              }
            ],
            "monitoring_service": "monitoring.googleapis.com/kubernetes",
            "name": "gifs-website-test",
            "network": "projects/lofty-dynamics-393510/global/networks/default",
            "network_policy": [
              {
                "enabled": false,
                "provider": "PROVIDER_UNSPECIFIED"
              }
            ],
            "networking_mode": "ROUTES",
            "node_config": [
              {
                "advanced_machine_features": [],
                "boot_disk_kms_key": "",
                "disk_size_gb": 100,
                "disk_type": "pd-balanced",
                "ephemeral_storage_local_ssd_config": [],
                "gcfs_config": [],
                "guest_accelerator": [],
                "gvnic": [],
                "host_maintenance_policy": [],
                "image_type": "COS_CONTAINERD",
                "kubelet_config": [],
                "labels": {},
                "linux_node_config": [],
                "local_nvme_ssd_block_config": [],
                "local_ssd_count": 0,
                "logging_variant": "DEFAULT",
                "machine_type": "e2-medium",
                "metadata": {
                  "disable-legacy-endpoints": "true"
                },
                "min_cpu_platform": "",
                "node_group": "",
                "oauth_scopes": [
                  "https://www.googleapis.com/auth/devstorage.read_only",
                  "https://www.googleapis.com/auth/logging.write",
                  "https://www.googleapis.com/auth/monitoring",
                  "https://www.googleapis.com/auth/service.management.readonly",
                  "https://www.googleapis.com/auth/servicecontrol",
                  "https://www.googleapis.com/auth/trace.append"
                ],
                "preemptible": false,
                "reservation_affinity": [],
                "resource_labels": {},
                "service_account": "default",
                "shielded_instance_config": [
                  {
                    "enable_integrity_monitoring": true,
                    "enable_secure_boot": false
                  }
                ],
                "sole_tenant_config": [],
                "spot": false,
                "tags": [],
                "taint": [],
                "workload_metadata_config": []
              }
            ],
            "node_locations": [],
            "node_pool": [
              {
                "autoscaling": [],
                "initial_node_count": 1,
                "instance_group_urls": [
                  "https://www.googleapis.com/compute/v1/projects/lofty-dynamics-393510/zones/us-central1-a/instanceGroupManagers/gke-gifs-website-test-default-pool-d1209962-grp"
                ],
                "managed_instance_group_urls": [
                  "https://www.googleapis.com/compute/v1/projects/lofty-dynamics-393510/zones/us-central1-a/instanceGroups/gke-gifs-website-test-default-pool-d1209962-grp"
                ],
                "management": [
                  {
                    "auto_repair": true,
                    "auto_upgrade": true
                  }
                ],
                "max_pods_per_node": 0,
                "name": "default-pool",
                "name_prefix": "",
                "network_config": [
                  {
                    "create_pod_range": false,
                    "enable_private_nodes": false,
                    "pod_cidr_overprovision_config": [],
                    "pod_ipv4_cidr_block": "",
                    "pod_range": ""
                  }
                ],
                "node_config": [
                  {
                    "advanced_machine_features": [],
                    "boot_disk_kms_key": "",
                    "disk_size_gb": 100,
                    "disk_type": "pd-balanced",
                    "ephemeral_storage_local_ssd_config": [],
                    "gcfs_config": [],
                    "guest_accelerator": [],
                    "gvnic": [],
                    "host_maintenance_policy": [],
                    "image_type": "COS_CONTAINERD",
                    "kubelet_config": [],
                    "labels": {},
                    "linux_node_config": [],
                    "local_nvme_ssd_block_config": [],
                    "local_ssd_count": 0,
                    "logging_variant": "DEFAULT",
                    "machine_type": "e2-medium",
                    "metadata": {
                      "disable-legacy-endpoints": "true"
                    },
                    "min_cpu_platform": "",
                    "node_group": "",
                    "oauth_scopes": [
                      "https://www.googleapis.com/auth/devstorage.read_only",
                      "https://www.googleapis.com/auth/logging.write",
                      "https://www.googleapis.com/auth/monitoring",
                      "https://www.googleapis.com/auth/service.management.readonly",
                      "https://www.googleapis.com/auth/servicecontrol",
                      "https://www.googleapis.com/auth/trace.append"
                    ],
                    "preemptible": false,
                    "reservation_affinity": [],
                    "resource_labels": {},
                    "service_account": "default",
                    "shielded_instance_config": [
                      {
                        "enable_integrity_monitoring": true,
                        "enable_secure_boot": false
                      }
                    ],
                    "sole_tenant_config": [],
                    "spot": false,
                    "tags": [],
                    "taint": [],
                    "workload_metadata_config": []
                  }
                ],
                "node_count": 1,
                "node_locations": [
                  "us-central1-a"
                ],
                "placement_policy": [],
                "upgrade_settings": [
                  {
                    "blue_green_settings": [],
                    "max_surge": 1,
                    "max_unavailable": 0,
                    "strategy": "SURGE"
                  }
                ],
                "version": "1.27.3-gke.100"
              }
            ],
            "node_pool_defaults": [
              {
                "node_config_defaults": [
                  {
                    "logging_variant": "DEFAULT"
                  }
                ]
              }
            ],
            "node_version": "1.27.3-gke.100",
            "notification_config": [
              {
                "pubsub": [
                  {
                    "enabled": false,
                    "filter": [],
                    "topic": ""
                  }
                ]
              }
            ],
            "operation": null,
            "private_cluster_config": [
              {
                "enable_private_endpoint": false,
                "enable_private_nodes": false,
                "master_global_access_config": [
                  {
                    "enabled": false
                  }
                ],
                "master_ipv4_cidr_block": "",
                "peering_name": "",
                "private_endpoint": "10.128.0.22",
                "private_endpoint_subnetwork": "",
                "public_endpoint": "34.31.223.65"
              }
            ],
            "private_ipv6_google_access": "",
            "project": "lofty-dynamics-393510",
            "release_channel": [
              {
                "channel": "REGULAR"
              }
            ],
            "remove_default_node_pool": null,
            "resource_labels": null,
            "resource_usage_export_config": [],
            "security_posture_config": [
              {
                "mode": "BASIC",
                "vulnerability_mode": "VULNERABILITY_MODE_UNSPECIFIED"
              }
            ],
            "self_link": "https://container.googleapis.com/v1/projects/lofty-dynamics-393510/zones/us-central1-a/clusters/gifs-website-test",
            "service_external_ips_config": [
              {
                "enabled": false
              }
            ],
            "services_ipv4_cidr": "10.31.240.0/20",
            "subnetwork": "projects/lofty-dynamics-393510/regions/us-central1/subnetworks/default",
            "timeouts": null,
            "tpu_ipv4_cidr_block": "",
            "vertical_pod_autoscaling": [],
            "workload_identity_config": []
          },
          "sensitive_attributes": [],
          "private": "eyJlMmJmYjczMC1lY2FhLTExZTYtOGY4OC0zNDM2M2JjN2M0YzAiOnsiY3JlYXRlIjoyNDAwMDAwMDAwMDAwLCJkZWxldGUiOjI0MDAwMDAwMDAwMDAsInJlYWQiOjI0MDAwMDAwMDAwMDAsInVwZGF0ZSI6MzYwMDAwMDAwMDAwMH0sInNjaGVtYV92ZXJzaW9uIjoiMSJ9"
        }
      ]
    },
    {
      "mode": "managed",
      "type": "google_container_node_pool",
      "name": "test_node_pool",
      "provider": "provider[\"registry.terraform.io/hashicorp/google\"]",
      "instances": [
        {
          "schema_version": 1,
          "attributes": {
            "autoscaling": [
              {
                "location_policy": "BALANCED",
                "max_node_count": 5,
                "min_node_count": 1,
                "total_max_node_count": 0,
                "total_min_node_count": 0
              }
            ],
            "cluster": "gifs-website-test",
            "id": "projects/lofty-dynamics-393510/locations/us-central1-a/clusters/gifs-website-test/nodePools/test-node-pool",
            "initial_node_count": 1,
            "instance_group_urls": [
              "https://www.googleapis.com/compute/v1/projects/lofty-dynamics-393510/zones/us-central1-a/instanceGroupManagers/gke-gifs-website-test-test-node-pool-0e97c4c4-grp"
            ],
            "location": "us-central1-a",
            "managed_instance_group_urls": [
              "https://www.googleapis.com/compute/v1/projects/lofty-dynamics-393510/zones/us-central1-a/instanceGroups/gke-gifs-website-test-test-node-pool-0e97c4c4-grp"
            ],
            "management": [
              {
                "auto_repair": true,
                "auto_upgrade": true
              }
            ],
            "max_pods_per_node": null,
            "name": "test-node-pool",
            "name_prefix": "",
            "network_config": [
              {
                "create_pod_range": false,
                "enable_private_nodes": false,
                "pod_cidr_overprovision_config": [],
                "pod_ipv4_cidr_block": "",
                "pod_range": ""
              }
            ],
            "node_config": [
              {
                "advanced_machine_features": [],
                "boot_disk_kms_key": "",
                "disk_size_gb": 24,
                "disk_type": "pd-standard",
                "ephemeral_storage_local_ssd_config": [],
                "gcfs_config": [],
                "guest_accelerator": [],
                "gvnic": [],
                "host_maintenance_policy": [],
                "image_type": "COS_CONTAINERD",
                "kubelet_config": [],
                "labels": {},
                "linux_node_config": [],
                "local_nvme_ssd_block_config": [],
                "local_ssd_count": 0,
                "logging_variant": "DEFAULT",
                "machine_type": "e2-medium",
                "metadata": {
                  "disable-legacy-endpoints": "true"
                },
                "min_cpu_platform": "",
                "node_group": "",
                "oauth_scopes": [
                  "https://www.googleapis.com/auth/devstorage.read_only",
                  "https://www.googleapis.com/auth/logging.write",
                  "https://www.googleapis.com/auth/monitoring",
                  "https://www.googleapis.com/auth/service.management.readonly",
                  "https://www.googleapis.com/auth/servicecontrol",
                  "https://www.googleapis.com/auth/trace.append"
                ],
                "preemptible": false,
                "reservation_affinity": [],
                "resource_labels": null,
                "service_account": "default",
                "shielded_instance_config": [
                  {
                    "enable_integrity_monitoring": true,
                    "enable_secure_boot": false
                  }
                ],
                "sole_tenant_config": [],
                "spot": false,
                "tags": null,
                "taint": [],
                "workload_metadata_config": []
              }
            ],
            "node_count": 1,
            "node_locations": [
              "us-central1-a"
            ],
            "operation": null,
            "placement_policy": [],
            "project": "lofty-dynamics-393510",
            "timeouts": null,
            "upgrade_settings": [
              {
                "blue_green_settings": [],
                "max_surge": 1,
                "max_unavailable": 0,
                "strategy": "SURGE"
              }
            ],
            "version": "1.27.3-gke.100"
          },
          "sensitive_attributes": [],
          "private": "eyJlMmJmYjczMC1lY2FhLTExZTYtOGY4OC0zNDM2M2JjN2M0YzAiOnsiY3JlYXRlIjoxODAwMDAwMDAwMDAwLCJkZWxldGUiOjE4MDAwMDAwMDAwMDAsInVwZGF0ZSI6MTgwMDAwMDAwMDAwMH0sInNjaGVtYV92ZXJzaW9uIjoiMSJ9",
          "dependencies": [
            "google_container_cluster.test_cluster"
          ]
        }
      ]
    }
  ],
  "check_results": null
}
