{
  "version": 4,
  "terraform_version": "1.5.4",
  "serial": 15,
  "lineage": "d25a3075-3ea1-b60e-c5fa-3d297b36ac5d",
  "outputs": {
    "test_cluster_host": {
      "value": "34.77.144.184",
      "type": "string"
    },
    "test_cluster_name": {
      "value": "gifs-website-cluster-test",
      "type": "string"
    }
  },
  "resources": [
    {
      "mode": "managed",
      "type": "google_container_cluster",
      "name": "gifs-website-cluster-test",
      "provider": "provider[\"registry.terraform.io/hashicorp/google\"]",
      "instances": [
        {
          "schema_version": 1,
          "attributes": {
            "addons_config": [
              {
                "cloudrun_config": [],
                "config_connector_config": [],
                "dns_cache_config": [],
                "gce_persistent_disk_csi_driver_config": [
                  {
                    "enabled": true
                  }
                ],
                "gcp_filestore_csi_driver_config": [],
                "gcs_fuse_csi_driver_config": [],
                "gke_backup_agent_config": [],
                "horizontal_pod_autoscaling": [],
                "http_load_balancing": [],
                "network_policy_config": [
                  {
                    "disabled": true
                  }
                ]
              }
            ],
            "allow_net_admin": null,
            "authenticator_groups_config": [],
            "binary_authorization": [
              {
                "enabled": false,
                "evaluation_mode": ""
              }
            ],
            "cluster_autoscaling": [
              {
                "auto_provisioning_defaults": [],
                "enabled": false,
                "resource_limits": []
              }
            ],
            "cluster_ipv4_cidr": "10.8.0.0/14",
            "confidential_nodes": [],
            "cost_management_config": [],
            "database_encryption": [
              {
                "key_name": "",
                "state": "DECRYPTED"
              }
            ],
            "datapath_provider": "",
            "default_max_pods_per_node": null,
            "default_snat_status": [
              {
                "disabled": false
              }
            ],
            "description": "",
            "dns_config": [],
            "enable_autopilot": false,
            "enable_binary_authorization": false,
            "enable_intranode_visibility": false,
            "enable_k8s_beta_apis": [],
            "enable_kubernetes_alpha": false,
            "enable_l4_ilb_subsetting": false,
            "enable_legacy_abac": false,
            "enable_shielded_nodes": true,
            "enable_tpu": false,
            "endpoint": "34.77.144.184",
            "gateway_api_config": [],
            "id": "projects/lofty-dynamics-393510/locations/europe-west1/clusters/gifs-website-cluster-test",
            "initial_node_count": 1,
            "ip_allocation_policy": [],
            "label_fingerprint": "a9dc16a7",
            "location": "europe-west1",
            "logging_config": [
              {
                "enable_components": [
                  "SYSTEM_COMPONENTS",
                  "WORKLOADS"
                ]
              }
            ],
            "logging_service": "logging.googleapis.com/kubernetes",
            "maintenance_policy": [],
            "master_auth": [
              {
                "client_certificate": "",
                "client_certificate_config": [
                  {
                    "issue_client_certificate": false
                  }
                ],
                "client_key": "",
                "cluster_ca_certificate": "LS0tLS1CRUdJTiBDRVJUSUZJQ0FURS0tLS0tCk1JSUVMRENDQXBTZ0F3SUJBZ0lRQm04VEY0R3pVS3NUR3lObDAya2xlVEFOQmdrcWhraUc5dzBCQVFzRkFEQXYKTVMwd0t3WURWUVFERXlSa1l6ZzJaVFk0WmkxaE16UmxMVFJsTjJRdE9HRmlaaTFtWkRnME1ETmtORFF3TkRRdwpJQmNOTWpNd09ESTNNRGsxTmpFMFdoZ1BNakExTXpBNE1Ua3hNRFUyTVRSYU1DOHhMVEFyQmdOVkJBTVRKR1JqCk9EWmxOamhtTFdFek5HVXROR1UzWkMwNFlXSm1MV1prT0RRd00yUTBOREEwTkRDQ0FhSXdEUVlKS29aSWh2Y04KQVFFQkJRQURnZ0dQQURDQ0FZb0NnZ0dCQU1vaFJhUFU1RlUyRDFPMjNEMDMyb0doSi9wM2NPdlNoYXo2TGxzUgo1ejNqT1FWcGxTTmlxSnZBRjQwWWhhdkc0eHloNlpFdm5WZ2NlM2RtZzd4RzJyZGVpUkF1bzJxa3pkN2JuMUR1Cm4yZHhYMzlnUDczQVZHRWh2YVB2TndwRnVGS3NGV0NPR2Y5L293ZlpsVDJLVEFrWmxJMTFhQ2oyenlYQmppd3oKZ3A5NEFwcE5mNHJ5SGZkNTZWdk1iUDhnQVg2VDdKUHJhRG1ZOWRrcjZFNFVLaytYLzZhWXBOZjBjS3EvSStwQwpOTUpkZ0VEMGtnNUtkQXJESXBwZjdsbWh1RitZR0tpTWwxOGxWRjV2SGhjQ210UmQxNlRKZTZQZ3k0Z3MrSHBjClNSUHFyYmc1c0NMMXY5ZmRqR2dxMTNkeTV6U2hZSWhsNFlwNm4xM2NYSFlOZ084eUtBVUoxeVUwcnZWQVJGU3YKSUVpRkhVUzFmcG1nd1hWSDFnM2pGTENXMENzVXRXaE4reUVXbVFybU1Vci8vK3ZYeWcyQTZ2Z0FJT0daYmFNbgpzcStGbCt2NGRqbTFqYzhMaEFxY3hJM0lCUXJnTXRNekdJRUZXWDZqSVczL1VLL3hZa1dab05SQjRkcTJvMDFTCk1QQ0FocHRYbmxkcU5ieE9qSVZndSs0UGVRSURBUUFCbzBJd1FEQU9CZ05WSFE4QkFmOEVCQU1DQWdRd0R3WUQKVlIwVEFRSC9CQVV3QXdFQi96QWRCZ05WSFE0RUZnUVVrSURpM2pnam9zc0ltbzIzanlORm4vei9Ia1F3RFFZSgpLb1pJaHZjTkFRRUxCUUFEZ2dHQkFHUUp4UUN6dTlmd1dCVWRsK0d1MlliUWEydmVZK2RGamVTZ2hxVStnem81CmVOdTN6a1hrcHFXczNSY3ZMTnhWK1JYZ29QSkNHSlNlY2JJZ3NJVTVvcFAwT1lKWU1FSm9aNzZGQlh3aEJQMHoKS1p0d0Z1KzhzSFROVWt2VDUrYklJS2tZN2JOc3VWUmNzNnRrQVhNSnBubVZtcldpb2Y4Q0lxSENmeG9vc0pWNQpkNGJnR3JMTGwwd2NmTW5JUFh2TFJyR1JmQmxOWHFmZjYvZENDZmlTRGVEeFVIQTVBRDIybWpIeFJxaWNoMkVOCktVTHpJcWxYY2JXVXYrNU0xMUNBN3I2eDRrQ1VZZy9QaWIzcDNhVFNHRHRWVFlZMFBRS3RFOUpPZzNZSit5bDkKejI4WURieVYzS29xUGhJV1BqMkFBK3JaSFhRQTEzQ3MrSzlMRXFySUwzR3B6Y050dlIxVmtOT255SkFKbVFSUgpFUGtXejB2aG9hY2ZzdlM0bVJ1Z0FHQUo1UVMwL01QY0tJb29GM3poTERwTStwL3E0MjB4VkdoVWZNQnU4M1V3CnpzZHAyMjJQUjJrNWhhT29xTHd0WkF4UTFBelRXaU5reUp1S2EyZjgxV0t0MExCa0dQQyt5NU1Oc3o0ZkMyVm4KemxDblNJbmtYNUd3UkZpdC9OdSt3QT09Ci0tLS0tRU5EIENFUlRJRklDQVRFLS0tLS0K"
              }
            ],
            "master_authorized_networks_config": [],
            "master_version": "1.27.3-gke.100",
            "mesh_certificates": [],
            "min_master_version": null,
            "monitoring_config": [
              {
                "advanced_datapath_observability_config": [
                  {
                    "enable_metrics": false,
                    "relay_mode": "DISABLED"
                  }
                ],
                "enable_components": [
                  "SYSTEM_COMPONENTS"
                ],
                "managed_prometheus": [
                  {
                    "enabled": true
                  }
                ]
              }
            ],
            "monitoring_service": "monitoring.googleapis.com/kubernetes",
            "name": "gifs-website-cluster-test",
            "network": "projects/lofty-dynamics-393510/global/networks/default",
            "network_policy": [
              {
                "enabled": false,
                "provider": "PROVIDER_UNSPECIFIED"
              }
            ],
            "networking_mode": "ROUTES",
            "node_config": [
              {
                "advanced_machine_features": [],
                "boot_disk_kms_key": "",
                "disk_size_gb": 100,
                "disk_type": "pd-balanced",
                "ephemeral_storage_local_ssd_config": [],
                "gcfs_config": [],
                "guest_accelerator": [],
                "gvnic": [],
                "host_maintenance_policy": [],
                "image_type": "COS_CONTAINERD",
                "kubelet_config": [],
                "labels": {},
                "linux_node_config": [],
                "local_nvme_ssd_block_config": [],
                "local_ssd_count": 0,
                "logging_variant": "DEFAULT",
                "machine_type": "e2-medium",
                "metadata": {
                  "disable-legacy-endpoints": "true"
                },
                "min_cpu_platform": "",
                "node_group": "",
                "oauth_scopes": [
                  "https://www.googleapis.com/auth/devstorage.read_only",
                  "https://www.googleapis.com/auth/logging.write",
                  "https://www.googleapis.com/auth/monitoring",
                  "https://www.googleapis.com/auth/service.management.readonly",
                  "https://www.googleapis.com/auth/servicecontrol",
                  "https://www.googleapis.com/auth/trace.append"
                ],
                "preemptible": false,
                "reservation_affinity": [],
                "resource_labels": {},
                "service_account": "default",
                "shielded_instance_config": [
                  {
                    "enable_integrity_monitoring": true,
                    "enable_secure_boot": false
                  }
                ],
                "sole_tenant_config": [],
                "spot": false,
                "tags": [],
                "taint": [],
                "workload_metadata_config": []
              }
            ],
            "node_locations": [
              "europe-west1-b",
              "europe-west1-c",
              "europe-west1-d"
            ],
            "node_pool": [
              {
                "autoscaling": [],
                "initial_node_count": 1,
                "instance_group_urls": [
                  "https://www.googleapis.com/compute/v1/projects/lofty-dynamics-393510/zones/europe-west1-b/instanceGroupManagers/gke-gifs-website-cluster-default-pool-99698ab2-grp",
                  "https://www.googleapis.com/compute/v1/projects/lofty-dynamics-393510/zones/europe-west1-c/instanceGroupManagers/gke-gifs-website-cluster-default-pool-f923d6f0-grp",
                  "https://www.googleapis.com/compute/v1/projects/lofty-dynamics-393510/zones/europe-west1-d/instanceGroupManagers/gke-gifs-website-cluster-default-pool-cabdf118-grp"
                ],
                "managed_instance_group_urls": [
                  "https://www.googleapis.com/compute/v1/projects/lofty-dynamics-393510/zones/europe-west1-b/instanceGroups/gke-gifs-website-cluster-default-pool-99698ab2-grp",
                  "https://www.googleapis.com/compute/v1/projects/lofty-dynamics-393510/zones/europe-west1-c/instanceGroups/gke-gifs-website-cluster-default-pool-f923d6f0-grp",
                  "https://www.googleapis.com/compute/v1/projects/lofty-dynamics-393510/zones/europe-west1-d/instanceGroups/gke-gifs-website-cluster-default-pool-cabdf118-grp"
                ],
                "management": [
                  {
                    "auto_repair": true,
                    "auto_upgrade": true
                  }
                ],
                "max_pods_per_node": 0,
                "name": "default-pool",
                "name_prefix": "",
                "network_config": [
                  {
                    "create_pod_range": false,
                    "enable_private_nodes": false,
                    "pod_cidr_overprovision_config": [],
                    "pod_ipv4_cidr_block": "",
                    "pod_range": ""
                  }
                ],
                "node_config": [
                  {
                    "advanced_machine_features": [],
                    "boot_disk_kms_key": "",
                    "disk_size_gb": 100,
                    "disk_type": "pd-balanced",
                    "ephemeral_storage_local_ssd_config": [],
                    "gcfs_config": [],
                    "guest_accelerator": [],
                    "gvnic": [],
                    "host_maintenance_policy": [],
                    "image_type": "COS_CONTAINERD",
                    "kubelet_config": [],
                    "labels": {},
                    "linux_node_config": [],
                    "local_nvme_ssd_block_config": [],
                    "local_ssd_count": 0,
                    "logging_variant": "DEFAULT",
                    "machine_type": "e2-medium",
                    "metadata": {
                      "disable-legacy-endpoints": "true"
                    },
                    "min_cpu_platform": "",
                    "node_group": "",
                    "oauth_scopes": [
                      "https://www.googleapis.com/auth/devstorage.read_only",
                      "https://www.googleapis.com/auth/logging.write",
                      "https://www.googleapis.com/auth/monitoring",
                      "https://www.googleapis.com/auth/service.management.readonly",
                      "https://www.googleapis.com/auth/servicecontrol",
                      "https://www.googleapis.com/auth/trace.append"
                    ],
                    "preemptible": false,
                    "reservation_affinity": [],
                    "resource_labels": {},
                    "service_account": "default",
                    "shielded_instance_config": [
                      {
                        "enable_integrity_monitoring": true,
                        "enable_secure_boot": false
                      }
                    ],
                    "sole_tenant_config": [],
                    "spot": false,
                    "tags": [],
                    "taint": [],
                    "workload_metadata_config": []
                  }
                ],
                "node_count": 1,
                "node_locations": [
                  "europe-west1-b",
                  "europe-west1-c",
                  "europe-west1-d"
                ],
                "placement_policy": [],
                "upgrade_settings": [
                  {
                    "blue_green_settings": [],
                    "max_surge": 1,
                    "max_unavailable": 0,
                    "strategy": "SURGE"
                  }
                ],
                "version": "1.27.3-gke.100"
              }
            ],
            "node_pool_defaults": [
              {
                "node_config_defaults": [
                  {
                    "logging_variant": "DEFAULT"
                  }
                ]
              }
            ],
            "node_version": "1.27.3-gke.100",
            "notification_config": [
              {
                "pubsub": [
                  {
                    "enabled": false,
                    "filter": [],
                    "topic": ""
                  }
                ]
              }
            ],
            "operation": null,
            "private_cluster_config": [
              {
                "enable_private_endpoint": false,
                "enable_private_nodes": false,
                "master_global_access_config": [
                  {
                    "enabled": false
                  }
                ],
                "master_ipv4_cidr_block": "",
                "peering_name": "",
                "private_endpoint": "10.132.0.2",
                "private_endpoint_subnetwork": "",
                "public_endpoint": "34.77.144.184"
              }
            ],
            "private_ipv6_google_access": "",
            "project": "lofty-dynamics-393510",
            "release_channel": [
              {
                "channel": "REGULAR"
              }
            ],
            "remove_default_node_pool": null,
            "resource_labels": null,
            "resource_usage_export_config": [],
            "security_posture_config": [
              {
                "mode": "BASIC",
                "vulnerability_mode": "VULNERABILITY_MODE_UNSPECIFIED"
              }
            ],
            "self_link": "https://container.googleapis.com/v1/projects/lofty-dynamics-393510/locations/europe-west1/clusters/gifs-website-cluster-test",
            "service_external_ips_config": [
              {
                "enabled": false
              }
            ],
            "services_ipv4_cidr": "10.11.240.0/20",
            "subnetwork": "projects/lofty-dynamics-393510/regions/europe-west1/subnetworks/default",
            "timeouts": null,
            "tpu_ipv4_cidr_block": "",
            "vertical_pod_autoscaling": [],
            "workload_identity_config": []
          },
          "sensitive_attributes": [],
          "private": "eyJlMmJmYjczMC1lY2FhLTExZTYtOGY4OC0zNDM2M2JjN2M0YzAiOnsiY3JlYXRlIjoyNDAwMDAwMDAwMDAwLCJkZWxldGUiOjI0MDAwMDAwMDAwMDAsInJlYWQiOjI0MDAwMDAwMDAwMDAsInVwZGF0ZSI6MzYwMDAwMDAwMDAwMH0sInNjaGVtYV92ZXJzaW9uIjoiMSJ9"
        }
      ]
    },
    {
      "mode": "managed",
      "type": "google_container_node_pool",
      "name": "test_node_pool",
      "provider": "provider[\"registry.terraform.io/hashicorp/google\"]",
      "instances": [
        {
          "schema_version": 1,
          "attributes": {
            "autoscaling": [
              {
                "location_policy": "BALANCED",
                "max_node_count": 5,
                "min_node_count": 1,
                "total_max_node_count": 0,
                "total_min_node_count": 0
              }
            ],
            "cluster": "gifs-website-cluster-test",
            "id": "projects/lofty-dynamics-393510/locations/europe-west1/clusters/gifs-website-cluster-test/nodePools/test-node-pool",
            "initial_node_count": 1,
            "instance_group_urls": [
              "https://www.googleapis.com/compute/v1/projects/lofty-dynamics-393510/zones/europe-west1-b/instanceGroupManagers/gke-gifs-website-clust-test-node-pool-5d7b0bc2-grp",
              "https://www.googleapis.com/compute/v1/projects/lofty-dynamics-393510/zones/europe-west1-c/instanceGroupManagers/gke-gifs-website-clust-test-node-pool-842a24bc-grp",
              "https://www.googleapis.com/compute/v1/projects/lofty-dynamics-393510/zones/europe-west1-d/instanceGroupManagers/gke-gifs-website-clust-test-node-pool-968a8bb9-grp"
            ],
            "location": "europe-west1",
            "managed_instance_group_urls": [
              "https://www.googleapis.com/compute/v1/projects/lofty-dynamics-393510/zones/europe-west1-b/instanceGroups/gke-gifs-website-clust-test-node-pool-5d7b0bc2-grp",
              "https://www.googleapis.com/compute/v1/projects/lofty-dynamics-393510/zones/europe-west1-c/instanceGroups/gke-gifs-website-clust-test-node-pool-842a24bc-grp",
              "https://www.googleapis.com/compute/v1/projects/lofty-dynamics-393510/zones/europe-west1-d/instanceGroups/gke-gifs-website-clust-test-node-pool-968a8bb9-grp"
            ],
            "management": [
              {
                "auto_repair": true,
                "auto_upgrade": true
              }
            ],
            "max_pods_per_node": null,
            "name": "test-node-pool",
            "name_prefix": "",
            "network_config": [
              {
                "create_pod_range": false,
                "enable_private_nodes": false,
                "pod_cidr_overprovision_config": [],
                "pod_ipv4_cidr_block": "",
                "pod_range": ""
              }
            ],
            "node_config": [
              {
                "advanced_machine_features": [],
                "boot_disk_kms_key": "",
                "disk_size_gb": 24,
                "disk_type": "pd-standard",
                "ephemeral_storage_local_ssd_config": [],
                "gcfs_config": [],
                "guest_accelerator": [],
                "gvnic": [],
                "host_maintenance_policy": [],
                "image_type": "COS_CONTAINERD",
                "kubelet_config": [],
                "labels": {},
                "linux_node_config": [],
                "local_nvme_ssd_block_config": [],
                "local_ssd_count": 0,
                "logging_variant": "DEFAULT",
                "machine_type": "e2-medium",
                "metadata": {
                  "disable-legacy-endpoints": "true"
                },
                "min_cpu_platform": "",
                "node_group": "",
                "oauth_scopes": [
                  "https://www.googleapis.com/auth/devstorage.read_only",
                  "https://www.googleapis.com/auth/logging.write",
                  "https://www.googleapis.com/auth/monitoring",
                  "https://www.googleapis.com/auth/service.management.readonly",
                  "https://www.googleapis.com/auth/servicecontrol",
                  "https://www.googleapis.com/auth/trace.append"
                ],
                "preemptible": false,
                "reservation_affinity": [],
                "resource_labels": null,
                "service_account": "default",
                "shielded_instance_config": [
                  {
                    "enable_integrity_monitoring": true,
                    "enable_secure_boot": false
                  }
                ],
                "sole_tenant_config": [],
                "spot": false,
                "tags": null,
                "taint": [],
                "workload_metadata_config": []
              }
            ],
            "node_count": 1,
            "node_locations": [
              "europe-west1-b",
              "europe-west1-c",
              "europe-west1-d"
            ],
            "operation": null,
            "placement_policy": [],
            "project": "lofty-dynamics-393510",
            "timeouts": null,
            "upgrade_settings": [
              {
                "blue_green_settings": [],
                "max_surge": 1,
                "max_unavailable": 0,
                "strategy": "SURGE"
              }
            ],
            "version": "1.27.3-gke.100"
          },
          "sensitive_attributes": [],
          "private": "eyJlMmJmYjczMC1lY2FhLTExZTYtOGY4OC0zNDM2M2JjN2M0YzAiOnsiY3JlYXRlIjoxODAwMDAwMDAwMDAwLCJkZWxldGUiOjE4MDAwMDAwMDAwMDAsInVwZGF0ZSI6MTgwMDAwMDAwMDAwMH0sInNjaGVtYV92ZXJzaW9uIjoiMSJ9",
          "dependencies": [
            "google_container_cluster.gifs-website-cluster-test"
          ]
        }
      ]
    }
  ],
  "check_results": null
}
