{
  "version": 4,
  "terraform_version": "1.5.4",
  "serial": 9,
  "lineage": "cc30d42a-390a-76de-dc88-306d124304cf",
  "outputs": {},
  "resources": [
    {
      "mode": "managed",
      "type": "google_container_cluster",
      "name": "gifs-website-cluster-prod",
      "provider": "provider[\"registry.terraform.io/hashicorp/google\"]",
      "instances": [
        {
          "schema_version": 1,
          "attributes": {
            "addons_config": [
              {
                "cloudrun_config": [],
                "config_connector_config": [],
                "dns_cache_config": [],
                "gce_persistent_disk_csi_driver_config": [
                  {
                    "enabled": true
                  }
                ],
                "gcp_filestore_csi_driver_config": [],
                "gcs_fuse_csi_driver_config": [],
                "gke_backup_agent_config": [],
                "horizontal_pod_autoscaling": [],
                "http_load_balancing": [],
                "network_policy_config": [
                  {
                    "disabled": true
                  }
                ]
              }
            ],
            "allow_net_admin": null,
            "authenticator_groups_config": [],
            "binary_authorization": [
              {
                "enabled": false,
                "evaluation_mode": ""
              }
            ],
            "cluster_autoscaling": [
              {
                "auto_provisioning_defaults": [],
                "enabled": false,
                "resource_limits": []
              }
            ],
            "cluster_ipv4_cidr": "10.0.0.0/14",
            "confidential_nodes": [],
            "cost_management_config": [],
            "database_encryption": [
              {
                "key_name": "",
                "state": "DECRYPTED"
              }
            ],
            "datapath_provider": "",
            "default_max_pods_per_node": null,
            "default_snat_status": [
              {
                "disabled": false
              }
            ],
            "description": "",
            "dns_config": [],
            "enable_autopilot": false,
            "enable_binary_authorization": false,
            "enable_intranode_visibility": false,
            "enable_k8s_beta_apis": [],
            "enable_kubernetes_alpha": false,
            "enable_l4_ilb_subsetting": false,
            "enable_legacy_abac": false,
            "enable_shielded_nodes": true,
            "enable_tpu": false,
            "endpoint": "35.188.50.171",
            "gateway_api_config": [],
            "id": "projects/lofty-dynamics-393510/locations/us-central1/clusters/gifs-website-cluster-prod",
            "initial_node_count": 1,
            "ip_allocation_policy": [],
            "label_fingerprint": "a9dc16a7",
            "location": "us-central1",
            "logging_config": [
              {
                "enable_components": [
                  "SYSTEM_COMPONENTS",
                  "WORKLOADS"
                ]
              }
            ],
            "logging_service": "logging.googleapis.com/kubernetes",
            "maintenance_policy": [],
            "master_auth": [
              {
                "client_certificate": "",
                "client_certificate_config": [
                  {
                    "issue_client_certificate": false
                  }
                ],
                "client_key": "",
                "cluster_ca_certificate": "LS0tLS1CRUdJTiBDRVJUSUZJQ0FURS0tLS0tCk1JSUVMVENDQXBXZ0F3SUJBZ0lSQUw0SVRIYzUweUJDUnZPUUlkQ01kWjh3RFFZSktvWklodmNOQVFFTEJRQXcKTHpFdE1Dc0dBMVVFQXhNa1pURXhNbVptT0dRdFpEazNZaTAwWmpFeUxUbGhZakV0Tm1KaU1tVXlZVFJoT1RGaQpNQ0FYRFRJek1EZ3pNREV3TlRZek9Gb1lEekl3TlRNd09ESXlNVEUxTmpNNFdqQXZNUzB3S3dZRFZRUURFeVJsCk1URXlabVk0WkMxa09UZGlMVFJtTVRJdE9XRmlNUzAyWW1JeVpUSmhOR0U1TVdJd2dnR2lNQTBHQ1NxR1NJYjMKRFFFQkFRVUFBNElCandBd2dnR0tBb0lCZ1FEaE4wcXh2TXN5L3QvWkIzZTNyOW15alFjZVFoV1RBbUp5MG80UwpjYnRxMDI2RzAyWThUeHVvRU0vTC92bjZpekJFOTJJNFJXcFl6WERZYUhiVmJubXRLbXVyQnVKUVFvL2xiUUluCmU5WTNLNWVqOEVRZGdxdm9aRktLRVdNaVJqMkY2bDBaUjdKVkUwbXdYc21jSjN6SEtzaWoxMzJ4UWhLcmdGZmEKbWY4a2E0elRFTktaQkZhblVzVXN0by9BUm5wOVRZbzJOcHRCcC9Fd3JEYVhMNW1FMXdocEpmVHA0Y01zVUZJSgpUeW5HeWdySktSSGc5ekR2TzRLc2UrWTNCZ25JRk0xYWNDTDI1YlZYMCtXTXlqaU8xV05tbFhZV1V1TDIzSzdNCk8rZmsxU2FCa2tLTDl6bzVxbWpCMU1LUGZjWU9yS2ZpbU9PTVNRTkZTNlJSVkVES3VPZ1RMZnhiU3loMzB4M1UKUTJjZlNVRytCd001VWJteUROOUk5QzhlRHZ3UjdQaE9sUDNMTnBKSmp6S1N2bUZ2di92M1ZlTDVVUjZaSWx4bwpIcUEzeEFMNUdJemwrL1dzZkhNVjNtZkdUTU5LZE5adGxUYUw4bHZBbTgzbStaZTkrM1ZYNStrSlVEMEI3RFdPCk1MaGF0ZFFwRTBSdnQ4WUY5OURnQk9STDJKY0NBd0VBQWFOQ01FQXdEZ1lEVlIwUEFRSC9CQVFEQWdJRU1BOEcKQTFVZEV3RUIvd1FGTUFNQkFmOHdIUVlEVlIwT0JCWUVGSUFoQXlFS2JkTXRSOWQ3ay9BZlRqc1NRTmlNTUEwRwpDU3FHU0liM0RRRUJDd1VBQTRJQmdRQXFmSFJlcEhYYUs5WGt6Uk5Zc3dnVUVBREs3RG0vYXhteHVzRGFZb1JzCkxtbVV0b3N0MGlmdzYzdlhTcllmeTB2UU1uMDAxNVBEWFlWMndaYXFNaEtqRzUvQkMxbHpqNGxzcmtpOVIxRXIKSHhkNnl6ZUR2dmJsaHRrNGErQUxsM3BVQTlaa1g0cVhrSSt1RGIrQkUzODhjODNYRW9aNSt6MkNGQ2dNMnZsVgovQWNKOVpBTXdZSzVtbVNtUlRyV0UzdVNsY1R3Z3FZM0ZQNENiV1VMaVZpd0hyLzNWdDBIZTc3R3dNaXRkZXVDCnRyVDJGTlJmZjVHeWQ3eEJSMkVreTIySHc0NzhhbGQwWkRBSFlGb2NNQXF0OFBtNnVIWDhaRFVtZSsxN21ET3UKeXlMc2c3cm1rem9DVTJzT1pFM0xOWHpSN1I2aHJoNDFaeVQwY1JTWXJNQksydGpHR3hHYi82RmZhYmFrWDFMNwpQN0V5UThMMGp6MkdXTzN2WUpRc25jU1R5SVoxRk5jelFHQnVGRXF2c3dzbmRJVllwWk9ERFAySjVneEdnSWdwCk92N1ZvSUVaVzNVM0hLRVhObER3NUpvajdyTjVzMGxGOVVYZ0ppeldzdTdLODdkYWlKOThBM1FoMklnZ0ZraXcKdDBrZUZzK3pRREhPSnRtd3ZndWR4M0U9Ci0tLS0tRU5EIENFUlRJRklDQVRFLS0tLS0K"
              }
            ],
            "master_authorized_networks_config": [],
            "master_version": "1.27.3-gke.100",
            "mesh_certificates": [],
            "min_master_version": null,
            "monitoring_config": [
              {
                "advanced_datapath_observability_config": [
                  {
                    "enable_metrics": false,
                    "relay_mode": "DISABLED"
                  }
                ],
                "enable_components": [
                  "SYSTEM_COMPONENTS"
                ],
                "managed_prometheus": [
                  {
                    "enabled": true
                  }
                ]
              }
            ],
            "monitoring_service": "monitoring.googleapis.com/kubernetes",
            "name": "gifs-website-cluster-prod",
            "network": "projects/lofty-dynamics-393510/global/networks/gifs-website-prod",
            "network_policy": [
              {
                "enabled": false,
                "provider": "PROVIDER_UNSPECIFIED"
              }
            ],
            "networking_mode": "ROUTES",
            "node_config": [
              {
                "advanced_machine_features": [],
                "boot_disk_kms_key": "",
                "disk_size_gb": 100,
                "disk_type": "pd-balanced",
                "ephemeral_storage_local_ssd_config": [],
                "gcfs_config": [],
                "guest_accelerator": [],
                "gvnic": [],
                "host_maintenance_policy": [],
                "image_type": "COS_CONTAINERD",
                "kubelet_config": [],
                "labels": {},
                "linux_node_config": [],
                "local_nvme_ssd_block_config": [],
                "local_ssd_count": 0,
                "logging_variant": "DEFAULT",
                "machine_type": "e2-medium",
                "metadata": {
                  "disable-legacy-endpoints": "true"
                },
                "min_cpu_platform": "",
                "node_group": "",
                "oauth_scopes": [
                  "https://www.googleapis.com/auth/devstorage.read_only",
                  "https://www.googleapis.com/auth/logging.write",
                  "https://www.googleapis.com/auth/monitoring",
                  "https://www.googleapis.com/auth/service.management.readonly",
                  "https://www.googleapis.com/auth/servicecontrol",
                  "https://www.googleapis.com/auth/trace.append"
                ],
                "preemptible": false,
                "reservation_affinity": [],
                "resource_labels": {},
                "service_account": "default",
                "shielded_instance_config": [
                  {
                    "enable_integrity_monitoring": true,
                    "enable_secure_boot": false
                  }
                ],
                "sole_tenant_config": [],
                "spot": false,
                "tags": [],
                "taint": [],
                "workload_metadata_config": []
              }
            ],
            "node_locations": [
              "us-central1-a",
              "us-central1-b",
              "us-central1-f"
            ],
            "node_pool": [
              {
                "autoscaling": [],
                "initial_node_count": 1,
                "instance_group_urls": [
                  "https://www.googleapis.com/compute/v1/projects/lofty-dynamics-393510/zones/us-central1-b/instanceGroupManagers/gke-gifs-website-cluster-default-pool-a0043e28-grp",
                  "https://www.googleapis.com/compute/v1/projects/lofty-dynamics-393510/zones/us-central1-f/instanceGroupManagers/gke-gifs-website-cluster-default-pool-d309705a-grp",
                  "https://www.googleapis.com/compute/v1/projects/lofty-dynamics-393510/zones/us-central1-a/instanceGroupManagers/gke-gifs-website-cluster-default-pool-7f3ea5a8-grp"
                ],
                "managed_instance_group_urls": [
                  "https://www.googleapis.com/compute/v1/projects/lofty-dynamics-393510/zones/us-central1-b/instanceGroups/gke-gifs-website-cluster-default-pool-a0043e28-grp",
                  "https://www.googleapis.com/compute/v1/projects/lofty-dynamics-393510/zones/us-central1-f/instanceGroups/gke-gifs-website-cluster-default-pool-d309705a-grp",
                  "https://www.googleapis.com/compute/v1/projects/lofty-dynamics-393510/zones/us-central1-a/instanceGroups/gke-gifs-website-cluster-default-pool-7f3ea5a8-grp"
                ],
                "management": [
                  {
                    "auto_repair": true,
                    "auto_upgrade": true
                  }
                ],
                "max_pods_per_node": 0,
                "name": "default-pool",
                "name_prefix": "",
                "network_config": [
                  {
                    "create_pod_range": false,
                    "enable_private_nodes": false,
                    "pod_cidr_overprovision_config": [],
                    "pod_ipv4_cidr_block": "",
                    "pod_range": ""
                  }
                ],
                "node_config": [
                  {
                    "advanced_machine_features": [],
                    "boot_disk_kms_key": "",
                    "disk_size_gb": 100,
                    "disk_type": "pd-balanced",
                    "ephemeral_storage_local_ssd_config": [],
                    "gcfs_config": [],
                    "guest_accelerator": [],
                    "gvnic": [],
                    "host_maintenance_policy": [],
                    "image_type": "COS_CONTAINERD",
                    "kubelet_config": [],
                    "labels": {},
                    "linux_node_config": [],
                    "local_nvme_ssd_block_config": [],
                    "local_ssd_count": 0,
                    "logging_variant": "DEFAULT",
                    "machine_type": "e2-medium",
                    "metadata": {
                      "disable-legacy-endpoints": "true"
                    },
                    "min_cpu_platform": "",
                    "node_group": "",
                    "oauth_scopes": [
                      "https://www.googleapis.com/auth/devstorage.read_only",
                      "https://www.googleapis.com/auth/logging.write",
                      "https://www.googleapis.com/auth/monitoring",
                      "https://www.googleapis.com/auth/service.management.readonly",
                      "https://www.googleapis.com/auth/servicecontrol",
                      "https://www.googleapis.com/auth/trace.append"
                    ],
                    "preemptible": false,
                    "reservation_affinity": [],
                    "resource_labels": {},
                    "service_account": "default",
                    "shielded_instance_config": [
                      {
                        "enable_integrity_monitoring": true,
                        "enable_secure_boot": false
                      }
                    ],
                    "sole_tenant_config": [],
                    "spot": false,
                    "tags": [],
                    "taint": [],
                    "workload_metadata_config": []
                  }
                ],
                "node_count": 1,
                "node_locations": [
                  "us-central1-a",
                  "us-central1-b",
                  "us-central1-f"
                ],
                "placement_policy": [],
                "upgrade_settings": [
                  {
                    "blue_green_settings": [],
                    "max_surge": 1,
                    "max_unavailable": 0,
                    "strategy": "SURGE"
                  }
                ],
                "version": "1.27.3-gke.100"
              }
            ],
            "node_pool_defaults": [
              {
                "node_config_defaults": [
                  {
                    "logging_variant": "DEFAULT"
                  }
                ]
              }
            ],
            "node_version": "1.27.3-gke.100",
            "notification_config": [
              {
                "pubsub": [
                  {
                    "enabled": false,
                    "filter": [],
                    "topic": ""
                  }
                ]
              }
            ],
            "operation": null,
            "private_cluster_config": [
              {
                "enable_private_endpoint": false,
                "enable_private_nodes": false,
                "master_global_access_config": [
                  {
                    "enabled": false
                  }
                ],
                "master_ipv4_cidr_block": "",
                "peering_name": "",
                "private_endpoint": "10.128.0.2",
                "private_endpoint_subnetwork": "",
                "public_endpoint": "35.188.50.171"
              }
            ],
            "private_ipv6_google_access": "",
            "project": "lofty-dynamics-393510",
            "release_channel": [
              {
                "channel": "REGULAR"
              }
            ],
            "remove_default_node_pool": null,
            "resource_labels": null,
            "resource_usage_export_config": [],
            "security_posture_config": [
              {
                "mode": "BASIC",
                "vulnerability_mode": "VULNERABILITY_MODE_UNSPECIFIED"
              }
            ],
            "self_link": "https://container.googleapis.com/v1/projects/lofty-dynamics-393510/locations/us-central1/clusters/gifs-website-cluster-prod",
            "service_external_ips_config": [
              {
                "enabled": false
              }
            ],
            "services_ipv4_cidr": "10.3.240.0/20",
            "subnetwork": "projects/lofty-dynamics-393510/regions/us-central1/subnetworks/gifs-website-prod",
            "timeouts": null,
            "tpu_ipv4_cidr_block": "",
            "vertical_pod_autoscaling": [],
            "workload_identity_config": []
          },
          "sensitive_attributes": [],
          "private": "eyJlMmJmYjczMC1lY2FhLTExZTYtOGY4OC0zNDM2M2JjN2M0YzAiOnsiY3JlYXRlIjoyNDAwMDAwMDAwMDAwLCJkZWxldGUiOjI0MDAwMDAwMDAwMDAsInJlYWQiOjI0MDAwMDAwMDAwMDAsInVwZGF0ZSI6MzYwMDAwMDAwMDAwMH0sInNjaGVtYV92ZXJzaW9uIjoiMSJ9"
        }
      ]
    },
    {
      "mode": "managed",
      "type": "google_container_node_pool",
      "name": "prod_node_pool",
      "provider": "provider[\"registry.terraform.io/hashicorp/google\"]",
      "instances": [
        {
          "schema_version": 1,
          "attributes": {
            "autoscaling": [
              {
                "location_policy": "BALANCED",
                "max_node_count": 3,
                "min_node_count": 1,
                "total_max_node_count": 0,
                "total_min_node_count": 0
              }
            ],
            "cluster": "gifs-website-cluster-prod",
            "id": "projects/lofty-dynamics-393510/locations/us-central1/clusters/gifs-website-cluster-prod/nodePools/prod-node-pool",
            "initial_node_count": 1,
            "instance_group_urls": [
              "https://www.googleapis.com/compute/v1/projects/lofty-dynamics-393510/zones/us-central1-b/instanceGroupManagers/gke-gifs-website-clust-prod-node-pool-b49db5ea-grp",
              "https://www.googleapis.com/compute/v1/projects/lofty-dynamics-393510/zones/us-central1-f/instanceGroupManagers/gke-gifs-website-clust-prod-node-pool-67731746-grp",
              "https://www.googleapis.com/compute/v1/projects/lofty-dynamics-393510/zones/us-central1-a/instanceGroupManagers/gke-gifs-website-clust-prod-node-pool-20084e58-grp"
            ],
            "location": "us-central1",
            "managed_instance_group_urls": [
              "https://www.googleapis.com/compute/v1/projects/lofty-dynamics-393510/zones/us-central1-b/instanceGroups/gke-gifs-website-clust-prod-node-pool-b49db5ea-grp",
              "https://www.googleapis.com/compute/v1/projects/lofty-dynamics-393510/zones/us-central1-f/instanceGroups/gke-gifs-website-clust-prod-node-pool-67731746-grp",
              "https://www.googleapis.com/compute/v1/projects/lofty-dynamics-393510/zones/us-central1-a/instanceGroups/gke-gifs-website-clust-prod-node-pool-20084e58-grp"
            ],
            "management": [
              {
                "auto_repair": true,
                "auto_upgrade": true
              }
            ],
            "max_pods_per_node": null,
            "name": "prod-node-pool",
            "name_prefix": "",
            "network_config": [
              {
                "create_pod_range": false,
                "enable_private_nodes": false,
                "pod_cidr_overprovision_config": [],
                "pod_ipv4_cidr_block": "",
                "pod_range": ""
              }
            ],
            "node_config": [
              {
                "advanced_machine_features": [],
                "boot_disk_kms_key": "",
                "disk_size_gb": 12,
                "disk_type": "pd-standard",
                "ephemeral_storage_local_ssd_config": [],
                "gcfs_config": [],
                "guest_accelerator": [],
                "gvnic": [],
                "host_maintenance_policy": [],
                "image_type": "COS_CONTAINERD",
                "kubelet_config": [],
                "labels": {},
                "linux_node_config": [],
                "local_nvme_ssd_block_config": [],
                "local_ssd_count": 0,
                "logging_variant": "DEFAULT",
                "machine_type": "e2-micro",
                "metadata": {
                  "disable-legacy-endpoints": "true"
                },
                "min_cpu_platform": "",
                "node_group": "",
                "oauth_scopes": [
                  "https://www.googleapis.com/auth/devstorage.read_only",
                  "https://www.googleapis.com/auth/logging.write",
                  "https://www.googleapis.com/auth/monitoring",
                  "https://www.googleapis.com/auth/service.management.readonly",
                  "https://www.googleapis.com/auth/servicecontrol",
                  "https://www.googleapis.com/auth/trace.append"
                ],
                "preemptible": false,
                "reservation_affinity": [],
                "resource_labels": null,
                "service_account": "default",
                "shielded_instance_config": [
                  {
                    "enable_integrity_monitoring": true,
                    "enable_secure_boot": false
                  }
                ],
                "sole_tenant_config": [],
                "spot": false,
                "tags": null,
                "taint": [],
                "workload_metadata_config": []
              }
            ],
            "node_count": 1,
            "node_locations": [
              "us-central1-a",
              "us-central1-b",
              "us-central1-f"
            ],
            "operation": null,
            "placement_policy": [],
            "project": "lofty-dynamics-393510",
            "timeouts": null,
            "upgrade_settings": [
              {
                "blue_green_settings": [],
                "max_surge": 1,
                "max_unavailable": 0,
                "strategy": "SURGE"
              }
            ],
            "version": "1.27.3-gke.100"
          },
          "sensitive_attributes": [],
          "private": "eyJlMmJmYjczMC1lY2FhLTExZTYtOGY4OC0zNDM2M2JjN2M0YzAiOnsiY3JlYXRlIjoxODAwMDAwMDAwMDAwLCJkZWxldGUiOjE4MDAwMDAwMDAwMDAsInVwZGF0ZSI6MTgwMDAwMDAwMDAwMH0sInNjaGVtYV92ZXJzaW9uIjoiMSJ9",
          "dependencies": [
            "google_container_cluster.gifs-website-cluster-prod"
          ]
        }
      ]
    }
  ],
  "check_results": null
}
