{
  "version": 4,
  "terraform_version": "1.5.4",
  "serial": 23,
  "lineage": "d25a3075-3ea1-b60e-c5fa-3d297b36ac5d",
  "outputs": {
    "test_cluster_host": {
      "value": "104.155.72.204",
      "type": "string"
    },
    "test_cluster_name": {
      "value": "gifs-website-cluster-test",
      "type": "string"
    }
  },
  "resources": [
    {
      "mode": "managed",
      "type": "google_container_cluster",
      "name": "gifs-website-cluster-test",
      "provider": "provider[\"registry.terraform.io/hashicorp/google\"]",
      "instances": [
        {
          "schema_version": 1,
          "attributes": {
            "addons_config": [
              {
                "cloudrun_config": [],
                "config_connector_config": [],
                "dns_cache_config": [],
                "gce_persistent_disk_csi_driver_config": [
                  {
                    "enabled": true
                  }
                ],
                "gcp_filestore_csi_driver_config": [],
                "gcs_fuse_csi_driver_config": [],
                "gke_backup_agent_config": [],
                "horizontal_pod_autoscaling": [],
                "http_load_balancing": [],
                "network_policy_config": [
                  {
                    "disabled": true
                  }
                ]
              }
            ],
            "allow_net_admin": null,
            "authenticator_groups_config": [],
            "binary_authorization": [
              {
                "enabled": false,
                "evaluation_mode": ""
              }
            ],
            "cluster_autoscaling": [
              {
                "auto_provisioning_defaults": [],
                "enabled": false,
                "resource_limits": []
              }
            ],
            "cluster_ipv4_cidr": "10.8.0.0/14",
            "confidential_nodes": [],
            "cost_management_config": [],
            "database_encryption": [
              {
                "key_name": "",
                "state": "DECRYPTED"
              }
            ],
            "datapath_provider": "",
            "default_max_pods_per_node": null,
            "default_snat_status": [
              {
                "disabled": false
              }
            ],
            "description": "",
            "dns_config": [],
            "enable_autopilot": false,
            "enable_binary_authorization": false,
            "enable_intranode_visibility": false,
            "enable_k8s_beta_apis": [],
            "enable_kubernetes_alpha": false,
            "enable_l4_ilb_subsetting": false,
            "enable_legacy_abac": false,
            "enable_shielded_nodes": true,
            "enable_tpu": false,
            "endpoint": "104.155.72.204",
            "gateway_api_config": [],
            "id": "projects/lofty-dynamics-393510/locations/europe-west1/clusters/gifs-website-cluster-test",
            "initial_node_count": 1,
            "ip_allocation_policy": [],
            "label_fingerprint": "a9dc16a7",
            "location": "europe-west1",
            "logging_config": [
              {
                "enable_components": [
                  "SYSTEM_COMPONENTS",
                  "WORKLOADS"
                ]
              }
            ],
            "logging_service": "logging.googleapis.com/kubernetes",
            "maintenance_policy": [],
            "master_auth": [
              {
                "client_certificate": "",
                "client_certificate_config": [
                  {
                    "issue_client_certificate": false
                  }
                ],
                "client_key": "",
                "cluster_ca_certificate": "LS0tLS1CRUdJTiBDRVJUSUZJQ0FURS0tLS0tCk1JSUVMVENDQXBXZ0F3SUJBZ0lSQU41WXF3L002M05qRTU3RDVrbDk1YVV3RFFZSktvWklodmNOQVFFTEJRQXcKTHpFdE1Dc0dBMVVFQXhNa1lqZGhOR1ExTjJVdFpqbGxPUzAwTVRnMkxXSmxNMk10WkRreVlXUTVaVGt4TXpBeQpNQ0FYRFRJek1EZ3lOekV3TkRVek1Wb1lEekl3TlRNd09ERTVNVEUwTlRNeFdqQXZNUzB3S3dZRFZRUURFeVJpCk4yRTBaRFUzWlMxbU9XVTVMVFF4T0RZdFltVXpZeTFrT1RKaFpEbGxPVEV6TURJd2dnR2lNQTBHQ1NxR1NJYjMKRFFFQkFRVUFBNElCandBd2dnR0tBb0lCZ1FETVI1U1FDOHZxaVVFN3Q4dnZRUEpFdXdCOVZScnlCSHg5WituRgpqWDJRRU5xY2hsNlRyb0YvR3NuNk53MVR5NHZDMVF3enBranRJTENCSFBkQ25mZCtUb0FYZkZtRHBOSHZGR0F6CkV0NEl5c0pJS3FRSTB5dTJvQlZvRTRBNGJ3TjZuN0g4cXdPY0dseXE3ZzhCN1htQ2c4Y0FRb0NPVlRxY2tSNUkKUWkrVCtHSWhrSHRzQzFDMUdYdGI5ZzBHOENLNTJDL0FEZmZRTVNsTDU0R05PbTV5WG5SK2x4TVpTWGp6UUJSQQp5ZnpKR2dJck56eGJrL09wSGVuNVVLbGxwVk1FbTI2NWNCLysxYmZsVnQyUmN1MEM3ZzdkZk1aYndod2U4NXMvCnhSYVdCeVNGdi90QnYxZkVhMW95YWRySU0yWUw3Z0xOd3I1bDlzVUFqZG8wTkxYV3M0SkdOZGVhS0kyY2VLa1kKbnZ4ZkJ1Y3JlM25JdFRzM2V5a2hKRmRYK2ZSVVNmem9vT3FjSXRPbFQvMXRGLzM5akNJbnlwZElyU0ZSdmowYQpTbVQrSGNhZk90bTVSZnBnQnFVcVJNeGFKSXFDYU9GRlFGNkFlOFJYSkM3d1F1S1YvVEpnckZkckFZS2FGbHpmCm96T1Z4YllKcVNwdkdrbHdLNjZHcTZJRDZ5a0NBd0VBQWFOQ01FQXdEZ1lEVlIwUEFRSC9CQVFEQWdJRU1BOEcKQTFVZEV3RUIvd1FGTUFNQkFmOHdIUVlEVlIwT0JCWUVGUHI2R0NxVnB1bnluMGJIN2ZtRTZjbnJoZXBKTUEwRwpDU3FHU0liM0RRRUJDd1VBQTRJQmdRQklzZDlmMGg3dDd1MVVSOFgwbXB2akw5T0dvRjdvZks4WmJKNHFtK2M3CnVSMUxkMzJ1RE1QYVdmUXZkWkhIdkNvQW5UcGFYQ0lkaE9HUnZOZW5QdHVVQ2ZFQm9MQ2JyLzlzekhwakd6STEKZFU2RTlJMTZKbVJVOExtRmE3dXhTZXZnYldMSzJydGZrc3RLV0VQR1BrYnlWWGpiVXBPNXZDejNMd0NkMEpnSgpLV0FZVDFDM282cXJKaUNIQ0FBTCs1QVVlZlRqaDdtdHBSUVlha1JZZWxCSzhvc2VOQ3dUemxqWDFGY1N1NTVJCnY3eHF0UGhTTWZ0YlRncGp3bDk0SFVkNmlFaUFLYmh3aXZ2eHZydjVTTDJjYWYxQTRYMkc5ekplYUN1d3NlSHgKc0JGeGNLalN4MXYwMmI0RFFPQVRhMlppT1A4K3BKeFJhNnB0OTVIMXZKYXJsWlRlelo0UzFPbzFtUG9hd0RBbgptQWFybzNVbDlPOElzSExsWWxrMXh6ZUpSSjl3Q2thWXZzY08yNzNiYnRZY1Njb2JsYmtsbHk5dnNUaEROVkhECjNWVVZucThkT3d3VWhHdGVIcjROZzMxTklURzF6bGdSanNPYUR4MVRIUUZSWjFrT2p4dkNRRktTdXBNVGhEMmgKTTdKNnZPZGpQV3hhNytTNk1XVTdRQVk9Ci0tLS0tRU5EIENFUlRJRklDQVRFLS0tLS0K"
              }
            ],
            "master_authorized_networks_config": [],
            "master_version": "1.27.3-gke.100",
            "mesh_certificates": [],
            "min_master_version": null,
            "monitoring_config": [
              {
                "advanced_datapath_observability_config": [
                  {
                    "enable_metrics": false,
                    "relay_mode": "DISABLED"
                  }
                ],
                "enable_components": [
                  "SYSTEM_COMPONENTS"
                ],
                "managed_prometheus": [
                  {
                    "enabled": true
                  }
                ]
              }
            ],
            "monitoring_service": "monitoring.googleapis.com/kubernetes",
            "name": "gifs-website-cluster-test",
            "network": "projects/lofty-dynamics-393510/global/networks/gifs-website-test",
            "network_policy": [
              {
                "enabled": false,
                "provider": "PROVIDER_UNSPECIFIED"
              }
            ],
            "networking_mode": "ROUTES",
            "node_config": [
              {
                "advanced_machine_features": [],
                "boot_disk_kms_key": "",
                "disk_size_gb": 100,
                "disk_type": "pd-balanced",
                "ephemeral_storage_local_ssd_config": [],
                "gcfs_config": [],
                "guest_accelerator": [],
                "gvnic": [],
                "host_maintenance_policy": [],
                "image_type": "COS_CONTAINERD",
                "kubelet_config": [],
                "labels": {},
                "linux_node_config": [],
                "local_nvme_ssd_block_config": [],
                "local_ssd_count": 0,
                "logging_variant": "DEFAULT",
                "machine_type": "e2-medium",
                "metadata": {
                  "disable-legacy-endpoints": "true"
                },
                "min_cpu_platform": "",
                "node_group": "",
                "oauth_scopes": [
                  "https://www.googleapis.com/auth/devstorage.read_only",
                  "https://www.googleapis.com/auth/logging.write",
                  "https://www.googleapis.com/auth/monitoring",
                  "https://www.googleapis.com/auth/service.management.readonly",
                  "https://www.googleapis.com/auth/servicecontrol",
                  "https://www.googleapis.com/auth/trace.append"
                ],
                "preemptible": false,
                "reservation_affinity": [],
                "resource_labels": {},
                "service_account": "default",
                "shielded_instance_config": [
                  {
                    "enable_integrity_monitoring": true,
                    "enable_secure_boot": false
                  }
                ],
                "sole_tenant_config": [],
                "spot": false,
                "tags": [],
                "taint": [],
                "workload_metadata_config": []
              }
            ],
            "node_locations": [
              "europe-west1-b",
              "europe-west1-c",
              "europe-west1-d"
            ],
            "node_pool": [
              {
                "autoscaling": [],
                "initial_node_count": 1,
                "instance_group_urls": [
                  "https://www.googleapis.com/compute/v1/projects/lofty-dynamics-393510/zones/europe-west1-b/instanceGroupManagers/gke-gifs-website-cluster-default-pool-2dd061f9-grp",
                  "https://www.googleapis.com/compute/v1/projects/lofty-dynamics-393510/zones/europe-west1-d/instanceGroupManagers/gke-gifs-website-cluster-default-pool-20876336-grp",
                  "https://www.googleapis.com/compute/v1/projects/lofty-dynamics-393510/zones/europe-west1-c/instanceGroupManagers/gke-gifs-website-cluster-default-pool-9854a0fa-grp"
                ],
                "managed_instance_group_urls": [
                  "https://www.googleapis.com/compute/v1/projects/lofty-dynamics-393510/zones/europe-west1-b/instanceGroups/gke-gifs-website-cluster-default-pool-2dd061f9-grp",
                  "https://www.googleapis.com/compute/v1/projects/lofty-dynamics-393510/zones/europe-west1-d/instanceGroups/gke-gifs-website-cluster-default-pool-20876336-grp",
                  "https://www.googleapis.com/compute/v1/projects/lofty-dynamics-393510/zones/europe-west1-c/instanceGroups/gke-gifs-website-cluster-default-pool-9854a0fa-grp"
                ],
                "management": [
                  {
                    "auto_repair": true,
                    "auto_upgrade": true
                  }
                ],
                "max_pods_per_node": 0,
                "name": "default-pool",
                "name_prefix": "",
                "network_config": [
                  {
                    "create_pod_range": false,
                    "enable_private_nodes": false,
                    "pod_cidr_overprovision_config": [],
                    "pod_ipv4_cidr_block": "",
                    "pod_range": ""
                  }
                ],
                "node_config": [
                  {
                    "advanced_machine_features": [],
                    "boot_disk_kms_key": "",
                    "disk_size_gb": 100,
                    "disk_type": "pd-balanced",
                    "ephemeral_storage_local_ssd_config": [],
                    "gcfs_config": [],
                    "guest_accelerator": [],
                    "gvnic": [],
                    "host_maintenance_policy": [],
                    "image_type": "COS_CONTAINERD",
                    "kubelet_config": [],
                    "labels": {},
                    "linux_node_config": [],
                    "local_nvme_ssd_block_config": [],
                    "local_ssd_count": 0,
                    "logging_variant": "DEFAULT",
                    "machine_type": "e2-medium",
                    "metadata": {
                      "disable-legacy-endpoints": "true"
                    },
                    "min_cpu_platform": "",
                    "node_group": "",
                    "oauth_scopes": [
                      "https://www.googleapis.com/auth/devstorage.read_only",
                      "https://www.googleapis.com/auth/logging.write",
                      "https://www.googleapis.com/auth/monitoring",
                      "https://www.googleapis.com/auth/service.management.readonly",
                      "https://www.googleapis.com/auth/servicecontrol",
                      "https://www.googleapis.com/auth/trace.append"
                    ],
                    "preemptible": false,
                    "reservation_affinity": [],
                    "resource_labels": {},
                    "service_account": "default",
                    "shielded_instance_config": [
                      {
                        "enable_integrity_monitoring": true,
                        "enable_secure_boot": false
                      }
                    ],
                    "sole_tenant_config": [],
                    "spot": false,
                    "tags": [],
                    "taint": [],
                    "workload_metadata_config": []
                  }
                ],
                "node_count": 1,
                "node_locations": [
                  "europe-west1-b",
                  "europe-west1-c",
                  "europe-west1-d"
                ],
                "placement_policy": [],
                "upgrade_settings": [
                  {
                    "blue_green_settings": [],
                    "max_surge": 1,
                    "max_unavailable": 0,
                    "strategy": "SURGE"
                  }
                ],
                "version": "1.27.3-gke.100"
              },
              {
                "autoscaling": [
                  {
                    "location_policy": "BALANCED",
                    "max_node_count": 5,
                    "min_node_count": 1,
                    "total_max_node_count": 0,
                    "total_min_node_count": 0
                  }
                ],
                "initial_node_count": 1,
                "instance_group_urls": [
                  "https://www.googleapis.com/compute/v1/projects/lofty-dynamics-393510/zones/europe-west1-b/instanceGroupManagers/gke-gifs-website-clust-test-node-pool-527f803a-grp",
                  "https://www.googleapis.com/compute/v1/projects/lofty-dynamics-393510/zones/europe-west1-d/instanceGroupManagers/gke-gifs-website-clust-test-node-pool-8348712e-grp",
                  "https://www.googleapis.com/compute/v1/projects/lofty-dynamics-393510/zones/europe-west1-c/instanceGroupManagers/gke-gifs-website-clust-test-node-pool-aa8dd81b-grp"
                ],
                "managed_instance_group_urls": [
                  "https://www.googleapis.com/compute/v1/projects/lofty-dynamics-393510/zones/europe-west1-b/instanceGroups/gke-gifs-website-clust-test-node-pool-527f803a-grp",
                  "https://www.googleapis.com/compute/v1/projects/lofty-dynamics-393510/zones/europe-west1-d/instanceGroups/gke-gifs-website-clust-test-node-pool-8348712e-grp",
                  "https://www.googleapis.com/compute/v1/projects/lofty-dynamics-393510/zones/europe-west1-c/instanceGroups/gke-gifs-website-clust-test-node-pool-aa8dd81b-grp"
                ],
                "management": [
                  {
                    "auto_repair": true,
                    "auto_upgrade": true
                  }
                ],
                "max_pods_per_node": 0,
                "name": "test-node-pool",
                "name_prefix": "",
                "network_config": [
                  {
                    "create_pod_range": false,
                    "enable_private_nodes": false,
                    "pod_cidr_overprovision_config": [],
                    "pod_ipv4_cidr_block": "",
                    "pod_range": ""
                  }
                ],
                "node_config": [
                  {
                    "advanced_machine_features": [],
                    "boot_disk_kms_key": "",
                    "disk_size_gb": 24,
                    "disk_type": "pd-standard",
                    "ephemeral_storage_local_ssd_config": [],
                    "gcfs_config": [],
                    "guest_accelerator": [],
                    "gvnic": [],
                    "host_maintenance_policy": [],
                    "image_type": "COS_CONTAINERD",
                    "kubelet_config": [],
                    "labels": {},
                    "linux_node_config": [],
                    "local_nvme_ssd_block_config": [],
                    "local_ssd_count": 0,
                    "logging_variant": "DEFAULT",
                    "machine_type": "e2-medium",
                    "metadata": {
                      "disable-legacy-endpoints": "true"
                    },
                    "min_cpu_platform": "",
                    "node_group": "",
                    "oauth_scopes": [
                      "https://www.googleapis.com/auth/devstorage.read_only",
                      "https://www.googleapis.com/auth/logging.write",
                      "https://www.googleapis.com/auth/monitoring",
                      "https://www.googleapis.com/auth/service.management.readonly",
                      "https://www.googleapis.com/auth/servicecontrol",
                      "https://www.googleapis.com/auth/trace.append"
                    ],
                    "preemptible": false,
                    "reservation_affinity": [],
                    "resource_labels": {},
                    "service_account": "default",
                    "shielded_instance_config": [
                      {
                        "enable_integrity_monitoring": true,
                        "enable_secure_boot": false
                      }
                    ],
                    "sole_tenant_config": [],
                    "spot": false,
                    "tags": [],
                    "taint": [],
                    "workload_metadata_config": []
                  }
                ],
                "node_count": 1,
                "node_locations": [
                  "europe-west1-b",
                  "europe-west1-c",
                  "europe-west1-d"
                ],
                "placement_policy": [],
                "upgrade_settings": [
                  {
                    "blue_green_settings": [],
                    "max_surge": 1,
                    "max_unavailable": 0,
                    "strategy": "SURGE"
                  }
                ],
                "version": "1.27.3-gke.100"
              }
            ],
            "node_pool_defaults": [
              {
                "node_config_defaults": [
                  {
                    "logging_variant": "DEFAULT"
                  }
                ]
              }
            ],
            "node_version": "1.27.3-gke.100",
            "notification_config": [
              {
                "pubsub": [
                  {
                    "enabled": false,
                    "filter": [],
                    "topic": ""
                  }
                ]
              }
            ],
            "operation": null,
            "private_cluster_config": [
              {
                "enable_private_endpoint": false,
                "enable_private_nodes": false,
                "master_global_access_config": [
                  {
                    "enabled": false
                  }
                ],
                "master_ipv4_cidr_block": "",
                "peering_name": "",
                "private_endpoint": "10.132.0.2",
                "private_endpoint_subnetwork": "",
                "public_endpoint": "104.155.72.204"
              }
            ],
            "private_ipv6_google_access": "",
            "project": "lofty-dynamics-393510",
            "release_channel": [
              {
                "channel": "REGULAR"
              }
            ],
            "remove_default_node_pool": null,
            "resource_labels": {},
            "resource_usage_export_config": [],
            "security_posture_config": [
              {
                "mode": "BASIC",
                "vulnerability_mode": "VULNERABILITY_MODE_UNSPECIFIED"
              }
            ],
            "self_link": "https://container.googleapis.com/v1/projects/lofty-dynamics-393510/locations/europe-west1/clusters/gifs-website-cluster-test",
            "service_external_ips_config": [
              {
                "enabled": false
              }
            ],
            "services_ipv4_cidr": "10.11.240.0/20",
            "subnetwork": "projects/lofty-dynamics-393510/regions/europe-west1/subnetworks/gifs-website-test",
            "timeouts": null,
            "tpu_ipv4_cidr_block": "",
            "vertical_pod_autoscaling": [],
            "workload_identity_config": []
          },
          "sensitive_attributes": [],
          "private": "eyJlMmJmYjczMC1lY2FhLTExZTYtOGY4OC0zNDM2M2JjN2M0YzAiOnsiY3JlYXRlIjoyNDAwMDAwMDAwMDAwLCJkZWxldGUiOjI0MDAwMDAwMDAwMDAsInJlYWQiOjI0MDAwMDAwMDAwMDAsInVwZGF0ZSI6MzYwMDAwMDAwMDAwMH0sInNjaGVtYV92ZXJzaW9uIjoiMSJ9"
        }
      ]
    },
    {
      "mode": "managed",
      "type": "google_container_node_pool",
      "name": "test_node_pool",
      "provider": "provider[\"registry.terraform.io/hashicorp/google\"]",
      "instances": [
        {
          "schema_version": 1,
          "attributes": {
            "autoscaling": [
              {
                "location_policy": "BALANCED",
                "max_node_count": 3,
                "min_node_count": 1,
                "total_max_node_count": 0,
                "total_min_node_count": 0
              }
            ],
            "cluster": "gifs-website-cluster-test",
            "id": "projects/lofty-dynamics-393510/locations/europe-west1/clusters/gifs-website-cluster-test/nodePools/test-node-pool",
            "initial_node_count": 1,
            "instance_group_urls": [
              "https://www.googleapis.com/compute/v1/projects/lofty-dynamics-393510/zones/europe-west1-b/instanceGroupManagers/gke-gifs-website-clust-test-node-pool-527f803a-grp",
              "https://www.googleapis.com/compute/v1/projects/lofty-dynamics-393510/zones/europe-west1-d/instanceGroupManagers/gke-gifs-website-clust-test-node-pool-8348712e-grp",
              "https://www.googleapis.com/compute/v1/projects/lofty-dynamics-393510/zones/europe-west1-c/instanceGroupManagers/gke-gifs-website-clust-test-node-pool-aa8dd81b-grp"
            ],
            "location": "europe-west1",
            "managed_instance_group_urls": [
              "https://www.googleapis.com/compute/v1/projects/lofty-dynamics-393510/zones/europe-west1-b/instanceGroups/gke-gifs-website-clust-test-node-pool-527f803a-grp",
              "https://www.googleapis.com/compute/v1/projects/lofty-dynamics-393510/zones/europe-west1-d/instanceGroups/gke-gifs-website-clust-test-node-pool-8348712e-grp",
              "https://www.googleapis.com/compute/v1/projects/lofty-dynamics-393510/zones/europe-west1-c/instanceGroups/gke-gifs-website-clust-test-node-pool-aa8dd81b-grp"
            ],
            "management": [
              {
                "auto_repair": true,
                "auto_upgrade": true
              }
            ],
            "max_pods_per_node": null,
            "name": "test-node-pool",
            "name_prefix": "",
            "network_config": [
              {
                "create_pod_range": false,
                "enable_private_nodes": false,
                "pod_cidr_overprovision_config": [],
                "pod_ipv4_cidr_block": "",
                "pod_range": ""
              }
            ],
            "node_config": [
              {
                "advanced_machine_features": [],
                "boot_disk_kms_key": "",
                "disk_size_gb": 24,
                "disk_type": "pd-standard",
                "ephemeral_storage_local_ssd_config": [],
                "gcfs_config": [],
                "guest_accelerator": [],
                "gvnic": [],
                "host_maintenance_policy": [],
                "image_type": "COS_CONTAINERD",
                "kubelet_config": [],
                "labels": {},
                "linux_node_config": [],
                "local_nvme_ssd_block_config": [],
                "local_ssd_count": 0,
                "logging_variant": "DEFAULT",
                "machine_type": "e2-medium",
                "metadata": {
                  "disable-legacy-endpoints": "true"
                },
                "min_cpu_platform": "",
                "node_group": "",
                "oauth_scopes": [
                  "https://www.googleapis.com/auth/devstorage.read_only",
                  "https://www.googleapis.com/auth/logging.write",
                  "https://www.googleapis.com/auth/monitoring",
                  "https://www.googleapis.com/auth/service.management.readonly",
                  "https://www.googleapis.com/auth/servicecontrol",
                  "https://www.googleapis.com/auth/trace.append"
                ],
                "preemptible": false,
                "reservation_affinity": [],
                "resource_labels": {},
                "service_account": "default",
                "shielded_instance_config": [
                  {
                    "enable_integrity_monitoring": true,
                    "enable_secure_boot": false
                  }
                ],
                "sole_tenant_config": [],
                "spot": false,
                "tags": [],
                "taint": [],
                "workload_metadata_config": []
              }
            ],
            "node_count": 1,
            "node_locations": [
              "europe-west1-b",
              "europe-west1-c",
              "europe-west1-d"
            ],
            "operation": null,
            "placement_policy": [],
            "project": "lofty-dynamics-393510",
            "timeouts": null,
            "upgrade_settings": [
              {
                "blue_green_settings": [],
                "max_surge": 1,
                "max_unavailable": 0,
                "strategy": "SURGE"
              }
            ],
            "version": "1.27.3-gke.100"
          },
          "sensitive_attributes": [],
          "private": "eyJlMmJmYjczMC1lY2FhLTExZTYtOGY4OC0zNDM2M2JjN2M0YzAiOnsiY3JlYXRlIjoxODAwMDAwMDAwMDAwLCJkZWxldGUiOjE4MDAwMDAwMDAwMDAsInVwZGF0ZSI6MTgwMDAwMDAwMDAwMH0sInNjaGVtYV92ZXJzaW9uIjoiMSJ9",
          "dependencies": [
            "google_container_cluster.gifs-website-cluster-test"
          ]
        }
      ]
    }
  ],
  "check_results": null
}
