{
  "version": 4,
  "terraform_version": "1.5.4",
  "serial": 50,
  "lineage": "d25a3075-3ea1-b60e-c5fa-3d297b36ac5d",
  "outputs": {},
  "resources": [
    {
      "mode": "managed",
      "type": "google_container_cluster",
      "name": "gifs-website-cluster-test",
      "provider": "provider[\"registry.terraform.io/hashicorp/google\"]",
      "instances": [
        {
          "schema_version": 1,
          "attributes": {
            "addons_config": [
              {
                "cloudrun_config": [],
                "config_connector_config": [],
                "dns_cache_config": [],
                "gce_persistent_disk_csi_driver_config": [
                  {
                    "enabled": true
                  }
                ],
                "gcp_filestore_csi_driver_config": [],
                "gcs_fuse_csi_driver_config": [],
                "gke_backup_agent_config": [],
                "horizontal_pod_autoscaling": [],
                "http_load_balancing": [],
                "network_policy_config": [
                  {
                    "disabled": true
                  }
                ]
              }
            ],
            "allow_net_admin": null,
            "authenticator_groups_config": [],
            "binary_authorization": [
              {
                "enabled": false,
                "evaluation_mode": ""
              }
            ],
            "cluster_autoscaling": [
              {
                "auto_provisioning_defaults": [],
                "enabled": false,
                "resource_limits": []
              }
            ],
            "cluster_ipv4_cidr": "10.8.0.0/14",
            "confidential_nodes": [],
            "cost_management_config": [],
            "database_encryption": [
              {
                "key_name": "",
                "state": "DECRYPTED"
              }
            ],
            "datapath_provider": "",
            "default_max_pods_per_node": null,
            "default_snat_status": [
              {
                "disabled": false
              }
            ],
            "description": "",
            "dns_config": [],
            "enable_autopilot": false,
            "enable_binary_authorization": false,
            "enable_intranode_visibility": false,
            "enable_k8s_beta_apis": [],
            "enable_kubernetes_alpha": false,
            "enable_l4_ilb_subsetting": false,
            "enable_legacy_abac": false,
            "enable_shielded_nodes": true,
            "enable_tpu": false,
            "endpoint": "34.79.3.248",
            "gateway_api_config": [],
            "id": "projects/lofty-dynamics-393510/locations/europe-west1/clusters/gifs-website-cluster-test",
            "initial_node_count": 1,
            "ip_allocation_policy": [],
            "label_fingerprint": "a9dc16a7",
            "location": "europe-west1",
            "logging_config": [
              {
                "enable_components": [
                  "SYSTEM_COMPONENTS",
                  "WORKLOADS"
                ]
              }
            ],
            "logging_service": "logging.googleapis.com/kubernetes",
            "maintenance_policy": [],
            "master_auth": [
              {
                "client_certificate": "",
                "client_certificate_config": [
                  {
                    "issue_client_certificate": false
                  }
                ],
                "client_key": "",
                "cluster_ca_certificate": "LS0tLS1CRUdJTiBDRVJUSUZJQ0FURS0tLS0tCk1JSUVMRENDQXBTZ0F3SUJBZ0lRTU5mMVphRGdiczVvSlVNZXhBTzBvVEFOQmdrcWhraUc5dzBCQVFzRkFEQXYKTVMwd0t3WURWUVFERXlRMU4yVmlNVGxpTkMwMlptTXhMVFJrTVRrdFlUVTJZaTB4WVROaVkyRTBOV0V3WWpJdwpJQmNOTWpNd09ETXdNVEEwTURVM1doZ1BNakExTXpBNE1qSXhNVFF3TlRkYU1DOHhMVEFyQmdOVkJBTVRKRFUzClpXSXhPV0kwTFRabVl6RXROR1F4T1MxaE5UWmlMVEZoTTJKallUUTFZVEJpTWpDQ0FhSXdEUVlKS29aSWh2Y04KQVFFQkJRQURnZ0dQQURDQ0FZb0NnZ0dCQUxWKzhmVm5FMjl6SnRpRWRpYVBUNlp0ZEJEU2MrbC9WTXJZUzJITwpPU01YQ0tHNXVudis1R0kxaGJlT0loRldidmhoczQ3WGwvTDMzdFRRREh6aGdVQldmUmN4S2RNRGpPOURIWlVZCmg3QXR0bzBVc2pPUTFRdU1LYytsLzRCaXArRE15am43d3pTZW5FQ3RVdjFsd05aQXpGaExHa0dOMHhNMloyekMKbFpuT0NBdG9WU1B0cEpwdUx6Zm1URVFjaFo5NmkxMEJXbUlRRWxLaXRYNGNwZi9vZ1JHem9lRnFwRnEzb0VkeApnN1AvZnc2ZW5VODQ5dkJwK05ZUEU0ZTBwR05YWTc4UzYxZFE1NDJ2aEtYNTFFNVVhYmRlRTFGRDRybHBXMHUvCmtFbFo0QmxKemNITmQrUWpXUzBKS083bTI5emxRK2dMTVBteDlyNUNHZmtpeTlXNVRUdk9uQ0VRK2JaeWY3M24KOHJHU0ZoWS9RRWt2czhCU3Vaa3JZTWE4Lzk1ZlVNcWFzdHpsL3lDOGNhaFYyc2ZSYURrRE9yNzFURnJiQ0IrRwpaVmdlNnpyTGVJNENabi9NUXMwTlBDSi9wOU16MXVmQlJOT213Wk40Q3BxcGpHcDFoOEJqZ3o3ZmtHM1pPM2tFCisxUFIrV0I2NTA3Wk8xcmlBL050V0o1ZWlRSURBUUFCbzBJd1FEQU9CZ05WSFE4QkFmOEVCQU1DQWdRd0R3WUQKVlIwVEFRSC9CQVV3QXdFQi96QWRCZ05WSFE0RUZnUVVnOHU1TUcxbUFkajMwaGVId2dNT04vUXN3MUl3RFFZSgpLb1pJaHZjTkFRRUxCUUFEZ2dHQkFJUSt4SFN3MVcvYlo5cUFlZWxhZzFUMXo0M0Vsc0NsQnFrNkZSOXFidURqCm5BMVBnejdQOC8xU3JHZ3Z0N2xGa3hHS1U1dXp3NXRHbWN1VTMvUlFvaDRIMkt3SUdVeUsrNzdHOURNUUZqWWUKdGpEc3BDbEpRUU9YcHdJVjQ0SU5iOGE3ZlU3NzJXTkt4VUdIWi9HNkRrTzB0KzlGNUd6QW5qcCt3OVpJZ25mOApnMFdFQWxkcFRSVnVaL1lraUN2b2trYmhDek9ERFZYRFdTNVhGZisvUzdHQjZFZjBGWmJZZTUwREpkbHpEQitECjEzbmNrOC8rNmljU0xJeG80YytEc2toNnJJTERIMjRPTWhTV0RwNjkwR3FUR1RWZW1zU2xpV01aRVFMcTBRdnYKMENEUkRiaGJCbGV0U2U4d3E2TXRyTDN2V2lvQVUvVWZNZ3IwT3k4ekRLdDRCWGlwVEhKSlVRSFArVVBlYnQ4Rwo5VVVtVW1jTkxSbHlpNUEvSWkweFBJd2FOZ29hV3ZGUFIxbWhydkh5SzhwNGluSjNiK1I5eW1iK2NRNWhVWFJkCnBPNEJ3b1BwR3dyRmtPdVY1TWgrZ2FlM1N1Y2ZCYkNDNFp4ZFNIYkwxQ0FEZnU0azY0WkhXNHp6QS92bUpOUXgKS3BNZkdtOWJzN1FnSnBTeDFZS1lrUT09Ci0tLS0tRU5EIENFUlRJRklDQVRFLS0tLS0K"
              }
            ],
            "master_authorized_networks_config": [],
            "master_version": "1.27.3-gke.100",
            "mesh_certificates": [],
            "min_master_version": null,
            "monitoring_config": [
              {
                "advanced_datapath_observability_config": [
                  {
                    "enable_metrics": false,
                    "relay_mode": "DISABLED"
                  }
                ],
                "enable_components": [
                  "SYSTEM_COMPONENTS"
                ],
                "managed_prometheus": [
                  {
                    "enabled": true
                  }
                ]
              }
            ],
            "monitoring_service": "monitoring.googleapis.com/kubernetes",
            "name": "gifs-website-cluster-test",
            "network": "projects/lofty-dynamics-393510/global/networks/gifs-website-test",
            "network_policy": [
              {
                "enabled": false,
                "provider": "PROVIDER_UNSPECIFIED"
              }
            ],
            "networking_mode": "ROUTES",
            "node_config": [
              {
                "advanced_machine_features": [],
                "boot_disk_kms_key": "",
                "disk_size_gb": 100,
                "disk_type": "pd-balanced",
                "ephemeral_storage_local_ssd_config": [],
                "gcfs_config": [],
                "guest_accelerator": [],
                "gvnic": [],
                "host_maintenance_policy": [],
                "image_type": "COS_CONTAINERD",
                "kubelet_config": [],
                "labels": {},
                "linux_node_config": [],
                "local_nvme_ssd_block_config": [],
                "local_ssd_count": 0,
                "logging_variant": "DEFAULT",
                "machine_type": "e2-medium",
                "metadata": {
                  "disable-legacy-endpoints": "true"
                },
                "min_cpu_platform": "",
                "node_group": "",
                "oauth_scopes": [
                  "https://www.googleapis.com/auth/devstorage.read_only",
                  "https://www.googleapis.com/auth/logging.write",
                  "https://www.googleapis.com/auth/monitoring",
                  "https://www.googleapis.com/auth/service.management.readonly",
                  "https://www.googleapis.com/auth/servicecontrol",
                  "https://www.googleapis.com/auth/trace.append"
                ],
                "preemptible": false,
                "reservation_affinity": [],
                "resource_labels": {},
                "service_account": "default",
                "shielded_instance_config": [
                  {
                    "enable_integrity_monitoring": true,
                    "enable_secure_boot": false
                  }
                ],
                "sole_tenant_config": [],
                "spot": false,
                "tags": [],
                "taint": [],
                "workload_metadata_config": []
              }
            ],
            "node_locations": [
              "europe-west1-b",
              "europe-west1-c",
              "europe-west1-d"
            ],
            "node_pool": [
              {
                "autoscaling": [],
                "initial_node_count": 1,
                "instance_group_urls": [
                  "https://www.googleapis.com/compute/v1/projects/lofty-dynamics-393510/zones/europe-west1-b/instanceGroupManagers/gke-gifs-website-cluster-default-pool-b7ab9aeb-grp",
                  "https://www.googleapis.com/compute/v1/projects/lofty-dynamics-393510/zones/europe-west1-d/instanceGroupManagers/gke-gifs-website-cluster-default-pool-9fe48610-grp",
                  "https://www.googleapis.com/compute/v1/projects/lofty-dynamics-393510/zones/europe-west1-c/instanceGroupManagers/gke-gifs-website-cluster-default-pool-68800fb1-grp"
                ],
                "managed_instance_group_urls": [
                  "https://www.googleapis.com/compute/v1/projects/lofty-dynamics-393510/zones/europe-west1-b/instanceGroups/gke-gifs-website-cluster-default-pool-b7ab9aeb-grp",
                  "https://www.googleapis.com/compute/v1/projects/lofty-dynamics-393510/zones/europe-west1-d/instanceGroups/gke-gifs-website-cluster-default-pool-9fe48610-grp",
                  "https://www.googleapis.com/compute/v1/projects/lofty-dynamics-393510/zones/europe-west1-c/instanceGroups/gke-gifs-website-cluster-default-pool-68800fb1-grp"
                ],
                "management": [
                  {
                    "auto_repair": true,
                    "auto_upgrade": true
                  }
                ],
                "max_pods_per_node": 0,
                "name": "default-pool",
                "name_prefix": "",
                "network_config": [
                  {
                    "create_pod_range": false,
                    "enable_private_nodes": false,
                    "pod_cidr_overprovision_config": [],
                    "pod_ipv4_cidr_block": "",
                    "pod_range": ""
                  }
                ],
                "node_config": [
                  {
                    "advanced_machine_features": [],
                    "boot_disk_kms_key": "",
                    "disk_size_gb": 100,
                    "disk_type": "pd-balanced",
                    "ephemeral_storage_local_ssd_config": [],
                    "gcfs_config": [],
                    "guest_accelerator": [],
                    "gvnic": [],
                    "host_maintenance_policy": [],
                    "image_type": "COS_CONTAINERD",
                    "kubelet_config": [],
                    "labels": {},
                    "linux_node_config": [],
                    "local_nvme_ssd_block_config": [],
                    "local_ssd_count": 0,
                    "logging_variant": "DEFAULT",
                    "machine_type": "e2-medium",
                    "metadata": {
                      "disable-legacy-endpoints": "true"
                    },
                    "min_cpu_platform": "",
                    "node_group": "",
                    "oauth_scopes": [
                      "https://www.googleapis.com/auth/devstorage.read_only",
                      "https://www.googleapis.com/auth/logging.write",
                      "https://www.googleapis.com/auth/monitoring",
                      "https://www.googleapis.com/auth/service.management.readonly",
                      "https://www.googleapis.com/auth/servicecontrol",
                      "https://www.googleapis.com/auth/trace.append"
                    ],
                    "preemptible": false,
                    "reservation_affinity": [],
                    "resource_labels": {},
                    "service_account": "default",
                    "shielded_instance_config": [
                      {
                        "enable_integrity_monitoring": true,
                        "enable_secure_boot": false
                      }
                    ],
                    "sole_tenant_config": [],
                    "spot": false,
                    "tags": [],
                    "taint": [],
                    "workload_metadata_config": []
                  }
                ],
                "node_count": 1,
                "node_locations": [
                  "europe-west1-b",
                  "europe-west1-c",
                  "europe-west1-d"
                ],
                "placement_policy": [],
                "upgrade_settings": [
                  {
                    "blue_green_settings": [],
                    "max_surge": 1,
                    "max_unavailable": 0,
                    "strategy": "SURGE"
                  }
                ],
                "version": "1.27.3-gke.100"
              }
            ],
            "node_pool_defaults": [
              {
                "node_config_defaults": [
                  {
                    "logging_variant": "DEFAULT"
                  }
                ]
              }
            ],
            "node_version": "1.27.3-gke.100",
            "notification_config": [
              {
                "pubsub": [
                  {
                    "enabled": false,
                    "filter": [],
                    "topic": ""
                  }
                ]
              }
            ],
            "operation": null,
            "private_cluster_config": [
              {
                "enable_private_endpoint": false,
                "enable_private_nodes": false,
                "master_global_access_config": [
                  {
                    "enabled": false
                  }
                ],
                "master_ipv4_cidr_block": "",
                "peering_name": "",
                "private_endpoint": "10.132.0.29",
                "private_endpoint_subnetwork": "",
                "public_endpoint": "34.79.3.248"
              }
            ],
            "private_ipv6_google_access": "",
            "project": "lofty-dynamics-393510",
            "release_channel": [
              {
                "channel": "REGULAR"
              }
            ],
            "remove_default_node_pool": null,
            "resource_labels": null,
            "resource_usage_export_config": [],
            "security_posture_config": [
              {
                "mode": "BASIC",
                "vulnerability_mode": "VULNERABILITY_MODE_UNSPECIFIED"
              }
            ],
            "self_link": "https://container.googleapis.com/v1/projects/lofty-dynamics-393510/locations/europe-west1/clusters/gifs-website-cluster-test",
            "service_external_ips_config": [
              {
                "enabled": false
              }
            ],
            "services_ipv4_cidr": "10.11.240.0/20",
            "subnetwork": "projects/lofty-dynamics-393510/regions/europe-west1/subnetworks/gifs-website-test",
            "timeouts": null,
            "tpu_ipv4_cidr_block": "",
            "vertical_pod_autoscaling": [],
            "workload_identity_config": []
          },
          "sensitive_attributes": [],
          "private": "eyJlMmJmYjczMC1lY2FhLTExZTYtOGY4OC0zNDM2M2JjN2M0YzAiOnsiY3JlYXRlIjoyNDAwMDAwMDAwMDAwLCJkZWxldGUiOjI0MDAwMDAwMDAwMDAsInJlYWQiOjI0MDAwMDAwMDAwMDAsInVwZGF0ZSI6MzYwMDAwMDAwMDAwMH0sInNjaGVtYV92ZXJzaW9uIjoiMSJ9"
        }
      ]
    },
    {
      "mode": "managed",
      "type": "google_container_node_pool",
      "name": "test_node_pool",
      "provider": "provider[\"registry.terraform.io/hashicorp/google\"]",
      "instances": [
        {
          "schema_version": 1,
          "attributes": {
            "autoscaling": [
              {
                "location_policy": "BALANCED",
                "max_node_count": 3,
                "min_node_count": 1,
                "total_max_node_count": 0,
                "total_min_node_count": 0
              }
            ],
            "cluster": "gifs-website-cluster-test",
            "id": "projects/lofty-dynamics-393510/locations/europe-west1/clusters/gifs-website-cluster-test/nodePools/test-node-pool",
            "initial_node_count": 1,
            "instance_group_urls": [
              "https://www.googleapis.com/compute/v1/projects/lofty-dynamics-393510/zones/europe-west1-b/instanceGroupManagers/gke-gifs-website-clust-test-node-pool-4bdcd033-grp",
              "https://www.googleapis.com/compute/v1/projects/lofty-dynamics-393510/zones/europe-west1-d/instanceGroupManagers/gke-gifs-website-clust-test-node-pool-bacce9ed-grp",
              "https://www.googleapis.com/compute/v1/projects/lofty-dynamics-393510/zones/europe-west1-c/instanceGroupManagers/gke-gifs-website-clust-test-node-pool-0d995ad2-grp"
            ],
            "location": "europe-west1",
            "managed_instance_group_urls": [
              "https://www.googleapis.com/compute/v1/projects/lofty-dynamics-393510/zones/europe-west1-b/instanceGroups/gke-gifs-website-clust-test-node-pool-4bdcd033-grp",
              "https://www.googleapis.com/compute/v1/projects/lofty-dynamics-393510/zones/europe-west1-d/instanceGroups/gke-gifs-website-clust-test-node-pool-bacce9ed-grp",
              "https://www.googleapis.com/compute/v1/projects/lofty-dynamics-393510/zones/europe-west1-c/instanceGroups/gke-gifs-website-clust-test-node-pool-0d995ad2-grp"
            ],
            "management": [
              {
                "auto_repair": true,
                "auto_upgrade": true
              }
            ],
            "max_pods_per_node": null,
            "name": "test-node-pool",
            "name_prefix": "",
            "network_config": [
              {
                "create_pod_range": false,
                "enable_private_nodes": false,
                "pod_cidr_overprovision_config": [],
                "pod_ipv4_cidr_block": "",
                "pod_range": ""
              }
            ],
            "node_config": [
              {
                "advanced_machine_features": [],
                "boot_disk_kms_key": "",
                "disk_size_gb": 12,
                "disk_type": "pd-standard",
                "ephemeral_storage_local_ssd_config": [],
                "gcfs_config": [],
                "guest_accelerator": [],
                "gvnic": [],
                "host_maintenance_policy": [],
                "image_type": "COS_CONTAINERD",
                "kubelet_config": [],
                "labels": {},
                "linux_node_config": [],
                "local_nvme_ssd_block_config": [],
                "local_ssd_count": 0,
                "logging_variant": "DEFAULT",
                "machine_type": "e2-micro",
                "metadata": {
                  "disable-legacy-endpoints": "true"
                },
                "min_cpu_platform": "",
                "node_group": "",
                "oauth_scopes": [
                  "https://www.googleapis.com/auth/devstorage.read_only",
                  "https://www.googleapis.com/auth/logging.write",
                  "https://www.googleapis.com/auth/monitoring",
                  "https://www.googleapis.com/auth/service.management.readonly",
                  "https://www.googleapis.com/auth/servicecontrol",
                  "https://www.googleapis.com/auth/trace.append"
                ],
                "preemptible": false,
                "reservation_affinity": [],
                "resource_labels": null,
                "service_account": "default",
                "shielded_instance_config": [
                  {
                    "enable_integrity_monitoring": true,
                    "enable_secure_boot": false
                  }
                ],
                "sole_tenant_config": [],
                "spot": false,
                "tags": null,
                "taint": [],
                "workload_metadata_config": []
              }
            ],
            "node_count": 1,
            "node_locations": [
              "europe-west1-b",
              "europe-west1-c",
              "europe-west1-d"
            ],
            "operation": null,
            "placement_policy": [],
            "project": "lofty-dynamics-393510",
            "timeouts": null,
            "upgrade_settings": [
              {
                "blue_green_settings": [],
                "max_surge": 1,
                "max_unavailable": 0,
                "strategy": "SURGE"
              }
            ],
            "version": "1.27.3-gke.100"
          },
          "sensitive_attributes": [],
          "private": "eyJlMmJmYjczMC1lY2FhLTExZTYtOGY4OC0zNDM2M2JjN2M0YzAiOnsiY3JlYXRlIjoxODAwMDAwMDAwMDAwLCJkZWxldGUiOjE4MDAwMDAwMDAwMDAsInVwZGF0ZSI6MTgwMDAwMDAwMDAwMH0sInNjaGVtYV92ZXJzaW9uIjoiMSJ9",
          "dependencies": [
            "google_container_cluster.gifs-website-cluster-test"
          ]
        }
      ]
    }
  ],
  "check_results": null
}
