{
  "version": 4,
  "terraform_version": "1.5.4",
  "serial": 45,
  "lineage": "d25a3075-3ea1-b60e-c5fa-3d297b36ac5d",
  "outputs": {},
  "resources": [
    {
      "mode": "managed",
      "type": "google_container_cluster",
      "name": "gifs-website-cluster-test",
      "provider": "provider[\"registry.terraform.io/hashicorp/google\"]",
      "instances": [
        {
          "schema_version": 1,
          "attributes": {
            "addons_config": [
              {
                "cloudrun_config": [],
                "config_connector_config": [],
                "dns_cache_config": [],
                "gce_persistent_disk_csi_driver_config": [
                  {
                    "enabled": true
                  }
                ],
                "gcp_filestore_csi_driver_config": [],
                "gcs_fuse_csi_driver_config": [],
                "gke_backup_agent_config": [],
                "horizontal_pod_autoscaling": [],
                "http_load_balancing": [],
                "network_policy_config": [
                  {
                    "disabled": true
                  }
                ]
              }
            ],
            "allow_net_admin": null,
            "authenticator_groups_config": [],
            "binary_authorization": [
              {
                "enabled": false,
                "evaluation_mode": ""
              }
            ],
            "cluster_autoscaling": [
              {
                "auto_provisioning_defaults": [],
                "enabled": false,
                "resource_limits": []
              }
            ],
            "cluster_ipv4_cidr": "10.8.0.0/14",
            "confidential_nodes": [],
            "cost_management_config": [],
            "database_encryption": [
              {
                "key_name": "",
                "state": "DECRYPTED"
              }
            ],
            "datapath_provider": "",
            "default_max_pods_per_node": null,
            "default_snat_status": [
              {
                "disabled": false
              }
            ],
            "description": "",
            "dns_config": [],
            "enable_autopilot": false,
            "enable_binary_authorization": false,
            "enable_intranode_visibility": false,
            "enable_k8s_beta_apis": [],
            "enable_kubernetes_alpha": false,
            "enable_l4_ilb_subsetting": false,
            "enable_legacy_abac": false,
            "enable_shielded_nodes": true,
            "enable_tpu": false,
            "endpoint": "34.76.222.60",
            "gateway_api_config": [],
            "id": "projects/lofty-dynamics-393510/locations/europe-west1/clusters/gifs-website-cluster-test",
            "initial_node_count": 1,
            "ip_allocation_policy": [],
            "label_fingerprint": "a9dc16a7",
            "location": "europe-west1",
            "logging_config": [
              {
                "enable_components": [
                  "SYSTEM_COMPONENTS",
                  "WORKLOADS"
                ]
              }
            ],
            "logging_service": "logging.googleapis.com/kubernetes",
            "maintenance_policy": [],
            "master_auth": [
              {
                "client_certificate": "",
                "client_certificate_config": [
                  {
                    "issue_client_certificate": false
                  }
                ],
                "client_key": "",
                "cluster_ca_certificate": "LS0tLS1CRUdJTiBDRVJUSUZJQ0FURS0tLS0tCk1JSUVMRENDQXBTZ0F3SUJBZ0lRUmR5eElkZENURkRXYTl5Wmtja2lWakFOQmdrcWhraUc5dzBCQVFzRkFEQXYKTVMwd0t3WURWUVFERXlRNFlqVXpNMk0wT0MwMlpXTTFMVFJqWW1FdFltWTVOeTB4TURZNVlXTmpZVFZoTWpndwpJQmNOTWpNd09ETXdNRGsxT1RJd1doZ1BNakExTXpBNE1qSXhNRFU1TWpCYU1DOHhMVEFyQmdOVkJBTVRKRGhpCk5UTXpZelE0TFRabFl6VXROR05pWVMxaVpqazNMVEV3TmpsaFkyTmhOV0V5T0RDQ0FhSXdEUVlKS29aSWh2Y04KQVFFQkJRQURnZ0dQQURDQ0FZb0NnZ0dCQUo1aVRieWlnS1MyZzd4QkJKV3d0WFUyZ1J3WlI2UWNEeTM2Q05rOQoxR2xGSGFXSGdHM3JiZjYxYmVhc1p4QkkyRXNROFB2S2t1VXV5ellTMjZmelFvWlZKNVVYZDJUNU1kR2Nya095ClF0ZXBZVGE1YlZlOXVhVHFnbk91Umd0bmpZUTNCaFY3WE93NGRaSHphb2JZemZSZ002bzJQR053TzJLZGNTWjcKUjd5K0xjZWYvZkRsV2tsRmJnWTFIOVZNclEvWXBFUjQ5TzFWeUNmYmVZamk4WXNPd0x6K0RCMWMrZGhobG5obgpoTzZZclBMRlBuRGVFaEVPOVdOcEdBUTdqdzNyclFRM3lRSytqQmoydkJXT1RmRE1NMHl2UjZ6Z1ZFc2tCREJYClhmanBSc3UxTjdRZkd1Ym90aGF3K094MzF2TENudG12UUl2Umx6VE1LS05mdDhIeDV5SGZsbGtEMG81aThtcG4KSVl5aHNkMXlUMDZnT3ZPMnVUMFd4NXdZak90MTlkRkFpVmRDUkdaUmVyRzIvY0w5aVlDMjhXdGNJbE9hTDA3NgpnUjhFS3ZucGZZN1I1bzI5SldJTHJyVDBZSGZBWUtmM25IcnRvSGdZNjNLdHE4eHczQVZTOFBvaEc0TkN5K1U2CkoxZnRKeVlIMXpRZHd0cytTSlZ6QlIxNnZRSURBUUFCbzBJd1FEQU9CZ05WSFE4QkFmOEVCQU1DQWdRd0R3WUQKVlIwVEFRSC9CQVV3QXdFQi96QWRCZ05WSFE0RUZnUVVYMWtmN21vTFFRVStrV1JXTUM4WUtQUjk2YzR3RFFZSgpLb1pJaHZjTkFRRUxCUUFEZ2dHQkFHYUNwUzdjNHkvcUtUenZmZ2t3WldaSTBOWEthV0RzTWR5OEF4RDNpVndQClByVFZoWnM0WDNoSDFnMVQxaDA1SWhXOW9ITkRxaHZlZFI0aE5QU3AxMVZZa0xteEtZdUpIMStPcXpwalhUa3MKYmZHbFNsMEFYbFprQUxuOVJCYVZoS2lmMmJURERiaStTa1NDZlV4NG1jOWVWT2pBSzQ2cVE3dFc3RE1QOVdMZQpqWXpCcFV0KzI4Zk9Gcnd2Tk8yMXllaG5MM0ljVzQyZW5rYjBPZFRRQVBTdW5KbHdsUERscS9paUJ1a0JrNlIxCjJGVERURHFvWUF2eUNpOFFKam92c3Nua1UrUEZxMUwzVlpqKzV4SVdvWXdnalp6djE0eFJrS3RJMkRlTUp5dVUKbi9Rcm41S2VSRzI5KzlrelFiangyajJqa0hkV3o1aGcyRVVyZ3hpdEVDdVRqNE1uVWJSMCsyVFVMb0dINHV4SwpkcjlEb0lwejlpK2pBWFNlZEJaSE9teFo3TVduRElySkNURGNUYTNkekNHaUNZNURudG5ZT3dmQkdLQXZZUmdYClAvbHhXcTU4SkhKRzJLQXZvdVUyUW9oRnh1SEJmdGorVjRJKzkyMm9keFZLOVh6TWVuMkRvSXlzbThsc0trYWoKVmNpYzF6aEJ0WmtNMFRZZnlhMkJMZz09Ci0tLS0tRU5EIENFUlRJRklDQVRFLS0tLS0K"
              }
            ],
            "master_authorized_networks_config": [],
            "master_version": "1.27.3-gke.100",
            "mesh_certificates": [],
            "min_master_version": null,
            "monitoring_config": [
              {
                "advanced_datapath_observability_config": [
                  {
                    "enable_metrics": false,
                    "relay_mode": "DISABLED"
                  }
                ],
                "enable_components": [
                  "SYSTEM_COMPONENTS"
                ],
                "managed_prometheus": [
                  {
                    "enabled": true
                  }
                ]
              }
            ],
            "monitoring_service": "monitoring.googleapis.com/kubernetes",
            "name": "gifs-website-cluster-test",
            "network": "projects/lofty-dynamics-393510/global/networks/gifs-website-test",
            "network_policy": [
              {
                "enabled": false,
                "provider": "PROVIDER_UNSPECIFIED"
              }
            ],
            "networking_mode": "ROUTES",
            "node_config": [
              {
                "advanced_machine_features": [],
                "boot_disk_kms_key": "",
                "disk_size_gb": 100,
                "disk_type": "pd-balanced",
                "ephemeral_storage_local_ssd_config": [],
                "gcfs_config": [],
                "guest_accelerator": [],
                "gvnic": [],
                "host_maintenance_policy": [],
                "image_type": "COS_CONTAINERD",
                "kubelet_config": [],
                "labels": {},
                "linux_node_config": [],
                "local_nvme_ssd_block_config": [],
                "local_ssd_count": 0,
                "logging_variant": "DEFAULT",
                "machine_type": "e2-medium",
                "metadata": {
                  "disable-legacy-endpoints": "true"
                },
                "min_cpu_platform": "",
                "node_group": "",
                "oauth_scopes": [
                  "https://www.googleapis.com/auth/devstorage.read_only",
                  "https://www.googleapis.com/auth/logging.write",
                  "https://www.googleapis.com/auth/monitoring",
                  "https://www.googleapis.com/auth/service.management.readonly",
                  "https://www.googleapis.com/auth/servicecontrol",
                  "https://www.googleapis.com/auth/trace.append"
                ],
                "preemptible": false,
                "reservation_affinity": [],
                "resource_labels": {},
                "service_account": "default",
                "shielded_instance_config": [
                  {
                    "enable_integrity_monitoring": true,
                    "enable_secure_boot": false
                  }
                ],
                "sole_tenant_config": [],
                "spot": false,
                "tags": [],
                "taint": [],
                "workload_metadata_config": []
              }
            ],
            "node_locations": [
              "europe-west1-b",
              "europe-west1-c",
              "europe-west1-d"
            ],
            "node_pool": [
              {
                "autoscaling": [],
                "initial_node_count": 1,
                "instance_group_urls": [
                  "https://www.googleapis.com/compute/v1/projects/lofty-dynamics-393510/zones/europe-west1-b/instanceGroupManagers/gke-gifs-website-cluster-default-pool-f6e33bb9-grp",
                  "https://www.googleapis.com/compute/v1/projects/lofty-dynamics-393510/zones/europe-west1-c/instanceGroupManagers/gke-gifs-website-cluster-default-pool-577eeb49-grp",
                  "https://www.googleapis.com/compute/v1/projects/lofty-dynamics-393510/zones/europe-west1-d/instanceGroupManagers/gke-gifs-website-cluster-default-pool-ff267bc3-grp"
                ],
                "managed_instance_group_urls": [
                  "https://www.googleapis.com/compute/v1/projects/lofty-dynamics-393510/zones/europe-west1-b/instanceGroups/gke-gifs-website-cluster-default-pool-f6e33bb9-grp",
                  "https://www.googleapis.com/compute/v1/projects/lofty-dynamics-393510/zones/europe-west1-c/instanceGroups/gke-gifs-website-cluster-default-pool-577eeb49-grp",
                  "https://www.googleapis.com/compute/v1/projects/lofty-dynamics-393510/zones/europe-west1-d/instanceGroups/gke-gifs-website-cluster-default-pool-ff267bc3-grp"
                ],
                "management": [
                  {
                    "auto_repair": true,
                    "auto_upgrade": true
                  }
                ],
                "max_pods_per_node": 0,
                "name": "default-pool",
                "name_prefix": "",
                "network_config": [
                  {
                    "create_pod_range": false,
                    "enable_private_nodes": false,
                    "pod_cidr_overprovision_config": [],
                    "pod_ipv4_cidr_block": "",
                    "pod_range": ""
                  }
                ],
                "node_config": [
                  {
                    "advanced_machine_features": [],
                    "boot_disk_kms_key": "",
                    "disk_size_gb": 100,
                    "disk_type": "pd-balanced",
                    "ephemeral_storage_local_ssd_config": [],
                    "gcfs_config": [],
                    "guest_accelerator": [],
                    "gvnic": [],
                    "host_maintenance_policy": [],
                    "image_type": "COS_CONTAINERD",
                    "kubelet_config": [],
                    "labels": {},
                    "linux_node_config": [],
                    "local_nvme_ssd_block_config": [],
                    "local_ssd_count": 0,
                    "logging_variant": "DEFAULT",
                    "machine_type": "e2-medium",
                    "metadata": {
                      "disable-legacy-endpoints": "true"
                    },
                    "min_cpu_platform": "",
                    "node_group": "",
                    "oauth_scopes": [
                      "https://www.googleapis.com/auth/devstorage.read_only",
                      "https://www.googleapis.com/auth/logging.write",
                      "https://www.googleapis.com/auth/monitoring",
                      "https://www.googleapis.com/auth/service.management.readonly",
                      "https://www.googleapis.com/auth/servicecontrol",
                      "https://www.googleapis.com/auth/trace.append"
                    ],
                    "preemptible": false,
                    "reservation_affinity": [],
                    "resource_labels": {},
                    "service_account": "default",
                    "shielded_instance_config": [
                      {
                        "enable_integrity_monitoring": true,
                        "enable_secure_boot": false
                      }
                    ],
                    "sole_tenant_config": [],
                    "spot": false,
                    "tags": [],
                    "taint": [],
                    "workload_metadata_config": []
                  }
                ],
                "node_count": 1,
                "node_locations": [
                  "europe-west1-b",
                  "europe-west1-c",
                  "europe-west1-d"
                ],
                "placement_policy": [],
                "upgrade_settings": [
                  {
                    "blue_green_settings": [],
                    "max_surge": 1,
                    "max_unavailable": 0,
                    "strategy": "SURGE"
                  }
                ],
                "version": "1.27.3-gke.100"
              },
              {
                "autoscaling": [
                  {
                    "location_policy": "BALANCED",
                    "max_node_count": 3,
                    "min_node_count": 1,
                    "total_max_node_count": 0,
                    "total_min_node_count": 0
                  }
                ],
                "initial_node_count": 1,
                "instance_group_urls": [
                  "https://www.googleapis.com/compute/v1/projects/lofty-dynamics-393510/zones/europe-west1-b/instanceGroupManagers/gke-gifs-website-clust-test-node-pool-898fdadb-grp",
                  "https://www.googleapis.com/compute/v1/projects/lofty-dynamics-393510/zones/europe-west1-c/instanceGroupManagers/gke-gifs-website-clust-test-node-pool-6b0dd8d6-grp",
                  "https://www.googleapis.com/compute/v1/projects/lofty-dynamics-393510/zones/europe-west1-d/instanceGroupManagers/gke-gifs-website-clust-test-node-pool-4c057aaf-grp"
                ],
                "managed_instance_group_urls": [
                  "https://www.googleapis.com/compute/v1/projects/lofty-dynamics-393510/zones/europe-west1-b/instanceGroups/gke-gifs-website-clust-test-node-pool-898fdadb-grp",
                  "https://www.googleapis.com/compute/v1/projects/lofty-dynamics-393510/zones/europe-west1-c/instanceGroups/gke-gifs-website-clust-test-node-pool-6b0dd8d6-grp",
                  "https://www.googleapis.com/compute/v1/projects/lofty-dynamics-393510/zones/europe-west1-d/instanceGroups/gke-gifs-website-clust-test-node-pool-4c057aaf-grp"
                ],
                "management": [
                  {
                    "auto_repair": true,
                    "auto_upgrade": true
                  }
                ],
                "max_pods_per_node": 0,
                "name": "test-node-pool",
                "name_prefix": "",
                "network_config": [
                  {
                    "create_pod_range": false,
                    "enable_private_nodes": false,
                    "pod_cidr_overprovision_config": [],
                    "pod_ipv4_cidr_block": "",
                    "pod_range": ""
                  }
                ],
                "node_config": [
                  {
                    "advanced_machine_features": [],
                    "boot_disk_kms_key": "",
                    "disk_size_gb": 12,
                    "disk_type": "pd-standard",
                    "ephemeral_storage_local_ssd_config": [],
                    "gcfs_config": [],
                    "guest_accelerator": [],
                    "gvnic": [],
                    "host_maintenance_policy": [],
                    "image_type": "COS_CONTAINERD",
                    "kubelet_config": [],
                    "labels": {},
                    "linux_node_config": [],
                    "local_nvme_ssd_block_config": [],
                    "local_ssd_count": 0,
                    "logging_variant": "DEFAULT",
                    "machine_type": "e2-micro",
                    "metadata": {
                      "disable-legacy-endpoints": "true"
                    },
                    "min_cpu_platform": "",
                    "node_group": "",
                    "oauth_scopes": [
                      "https://www.googleapis.com/auth/devstorage.read_only",
                      "https://www.googleapis.com/auth/logging.write",
                      "https://www.googleapis.com/auth/monitoring",
                      "https://www.googleapis.com/auth/service.management.readonly",
                      "https://www.googleapis.com/auth/servicecontrol",
                      "https://www.googleapis.com/auth/trace.append"
                    ],
                    "preemptible": false,
                    "reservation_affinity": [],
                    "resource_labels": {},
                    "service_account": "default",
                    "shielded_instance_config": [
                      {
                        "enable_integrity_monitoring": true,
                        "enable_secure_boot": false
                      }
                    ],
                    "sole_tenant_config": [],
                    "spot": false,
                    "tags": [],
                    "taint": [],
                    "workload_metadata_config": []
                  }
                ],
                "node_count": 1,
                "node_locations": [
                  "europe-west1-b",
                  "europe-west1-c",
                  "europe-west1-d"
                ],
                "placement_policy": [],
                "upgrade_settings": [
                  {
                    "blue_green_settings": [],
                    "max_surge": 1,
                    "max_unavailable": 0,
                    "strategy": "SURGE"
                  }
                ],
                "version": "1.27.3-gke.100"
              }
            ],
            "node_pool_defaults": [
              {
                "node_config_defaults": [
                  {
                    "logging_variant": "DEFAULT"
                  }
                ]
              }
            ],
            "node_version": "1.27.3-gke.100",
            "notification_config": [
              {
                "pubsub": [
                  {
                    "enabled": false,
                    "filter": [],
                    "topic": ""
                  }
                ]
              }
            ],
            "operation": null,
            "private_cluster_config": [
              {
                "enable_private_endpoint": false,
                "enable_private_nodes": false,
                "master_global_access_config": [
                  {
                    "enabled": false
                  }
                ],
                "master_ipv4_cidr_block": "",
                "peering_name": "",
                "private_endpoint": "10.132.0.22",
                "private_endpoint_subnetwork": "",
                "public_endpoint": "34.76.222.60"
              }
            ],
            "private_ipv6_google_access": "",
            "project": "lofty-dynamics-393510",
            "release_channel": [
              {
                "channel": "REGULAR"
              }
            ],
            "remove_default_node_pool": null,
            "resource_labels": {},
            "resource_usage_export_config": [],
            "security_posture_config": [
              {
                "mode": "BASIC",
                "vulnerability_mode": "VULNERABILITY_MODE_UNSPECIFIED"
              }
            ],
            "self_link": "https://container.googleapis.com/v1/projects/lofty-dynamics-393510/locations/europe-west1/clusters/gifs-website-cluster-test",
            "service_external_ips_config": [
              {
                "enabled": false
              }
            ],
            "services_ipv4_cidr": "10.11.240.0/20",
            "subnetwork": "projects/lofty-dynamics-393510/regions/europe-west1/subnetworks/gifs-website-test",
            "timeouts": null,
            "tpu_ipv4_cidr_block": "",
            "vertical_pod_autoscaling": [],
            "workload_identity_config": []
          },
          "sensitive_attributes": [],
          "private": "eyJlMmJmYjczMC1lY2FhLTExZTYtOGY4OC0zNDM2M2JjN2M0YzAiOnsiY3JlYXRlIjoyNDAwMDAwMDAwMDAwLCJkZWxldGUiOjI0MDAwMDAwMDAwMDAsInJlYWQiOjI0MDAwMDAwMDAwMDAsInVwZGF0ZSI6MzYwMDAwMDAwMDAwMH0sInNjaGVtYV92ZXJzaW9uIjoiMSJ9"
        }
      ]
    }
  ],
  "check_results": null
}
