{
  "version": 4,
  "terraform_version": "1.5.4",
  "serial": 35,
  "lineage": "d25a3075-3ea1-b60e-c5fa-3d297b36ac5d",
  "outputs": {},
  "resources": [
    {
      "mode": "managed",
      "type": "google_container_cluster",
      "name": "gifs-website-cluster-test",
      "provider": "provider[\"registry.terraform.io/hashicorp/google\"]",
      "instances": [
        {
          "schema_version": 1,
          "attributes": {
            "addons_config": [
              {
                "cloudrun_config": [],
                "config_connector_config": [],
                "dns_cache_config": [],
                "gce_persistent_disk_csi_driver_config": [
                  {
                    "enabled": true
                  }
                ],
                "gcp_filestore_csi_driver_config": [],
                "gcs_fuse_csi_driver_config": [],
                "gke_backup_agent_config": [],
                "horizontal_pod_autoscaling": [],
                "http_load_balancing": [],
                "network_policy_config": [
                  {
                    "disabled": true
                  }
                ]
              }
            ],
            "allow_net_admin": null,
            "authenticator_groups_config": [],
            "binary_authorization": [
              {
                "enabled": false,
                "evaluation_mode": ""
              }
            ],
            "cluster_autoscaling": [
              {
                "auto_provisioning_defaults": [],
                "enabled": false,
                "resource_limits": []
              }
            ],
            "cluster_ipv4_cidr": "10.8.0.0/14",
            "confidential_nodes": [],
            "cost_management_config": [],
            "database_encryption": [
              {
                "key_name": "",
                "state": "DECRYPTED"
              }
            ],
            "datapath_provider": "",
            "default_max_pods_per_node": null,
            "default_snat_status": [
              {
                "disabled": false
              }
            ],
            "description": "",
            "dns_config": [],
            "enable_autopilot": false,
            "enable_binary_authorization": false,
            "enable_intranode_visibility": false,
            "enable_k8s_beta_apis": [],
            "enable_kubernetes_alpha": false,
            "enable_l4_ilb_subsetting": false,
            "enable_legacy_abac": false,
            "enable_shielded_nodes": true,
            "enable_tpu": false,
            "endpoint": "34.76.163.195",
            "gateway_api_config": [],
            "id": "projects/lofty-dynamics-393510/locations/europe-west1/clusters/gifs-website-cluster-test",
            "initial_node_count": 1,
            "ip_allocation_policy": [],
            "label_fingerprint": "a9dc16a7",
            "location": "europe-west1",
            "logging_config": [
              {
                "enable_components": [
                  "SYSTEM_COMPONENTS",
                  "WORKLOADS"
                ]
              }
            ],
            "logging_service": "logging.googleapis.com/kubernetes",
            "maintenance_policy": [],
            "master_auth": [
              {
                "client_certificate": "",
                "client_certificate_config": [
                  {
                    "issue_client_certificate": false
                  }
                ],
                "client_key": "",
                "cluster_ca_certificate": "LS0tLS1CRUdJTiBDRVJUSUZJQ0FURS0tLS0tCk1JSUVMRENDQXBTZ0F3SUJBZ0lRT055alZ2SUk1M3hpSFhCTlRnYXRoakFOQmdrcWhraUc5dzBCQVFzRkFEQXYKTVMwd0t3WURWUVFERXlRMllqSTBPVGRsT1Mwek1UZGlMVFE1WkRJdE9EQXdOeTAxTUdVNE5XRmxPR1l3WkdRdwpJQmNOTWpNd09ETXdNRGMwT0RRd1doZ1BNakExTXpBNE1qSXdPRFE0TkRCYU1DOHhMVEFyQmdOVkJBTVRKRFppCk1qUTVOMlU1TFRNeE4ySXRORGxrTWkwNE1EQTNMVFV3WlRnMVlXVTRaakJrWkRDQ0FhSXdEUVlKS29aSWh2Y04KQVFFQkJRQURnZ0dQQURDQ0FZb0NnZ0dCQU5yeFNZMEpQT0FaSm8rSnpZS2ZMbjhXR21RYWI3N1Z4VzI2RUsxMApvT2JjWERVYjNiWTJIeEJLL1M5WGtucWJ1M1pGUmhKNVdjQXZ6THRzQURmWlB6Z2d1TCtrVzFYUWs4RDlrNTRmCjRSK3lSRUZwUDdLNjUyN0xBQXhjcHVpS29UTlBrRHkzOVRyZW42WW5HenJJVUcyRDY1Nkhub0k4YkY0NjRQS2gKT0MyZjVuUldoNDJwSjFweHlhempMeDFsM3JnNlNhcmEwT25hSjI0ZlVIM2hITjBzSzd4RDN4SnhYTmtobHdNdwpsMExuaUNJaEs1cis4RnlVSjBJZDZxTldRVC8yeld2cW4yK0JiWVJlU3U1T1B0cEh5SVNwajlxNE41bHZwQ3h3CkR1cmxLZmZDZGVZOE5BOWpMSHdVb0dIMlV0OFdsVFpPYkVGbEpXRWRxeUJGT3pBSEN5ZDdXMmhzZkZ2K21qSmUKOGxOTDI3ZldENjhEb2wyQit2WXFJdU1NbVphRjVmU0Q3Uy9zbEhiV0l1NDFRUEg0NmNRWXV1azZRMFppYlBWVwpOVGtHR2lxTjlQQWVBOWdCbFFqWlljYjN0TlQ5Uk8ydS93a25FWEFCc0VlWG9YUnlCWU9QUThtbzg0ZVVBeEhjCm9GYkF2RG1FeWR5L1A1VkltbDI2aVp6dld3SURBUUFCbzBJd1FEQU9CZ05WSFE4QkFmOEVCQU1DQWdRd0R3WUQKVlIwVEFRSC9CQVV3QXdFQi96QWRCZ05WSFE0RUZnUVUrV1lnZjNpeTc4ZE81ZHhlb05mL1dreDczL3N3RFFZSgpLb1pJaHZjTkFRRUxCUUFEZ2dHQkFFSTRWUy9oRjRST1RSSE5Bd2dOZHVxSHJBb1pYeEFqYURsY1E4N1BtV0FaCjlveVBxYVpVTDB6eGdmOCtFQW84MGxucmNabnhiVW9jNi9aMjQvMHZBQWJKU3dTbXZYbndlY0l4Wm91ek5haXcKYmxmZEJxN1JPUGdGc2hrMmlLYnJCZlJCYlVMblA3WEsyblY1Vk9xck81RGpIRmxHTW5rS0JOalNSdE5SSjh0OAovMUJNdW5UakdjOVdBdEhaY2ZBa3pzWlV4RCsyQnZvcUVMbng4aVlnTi9MZDR4RjFrTVY3OVRwY21STEl1NWFiCkJUZC9jajFtYmhNYi9yRnJmTXAwdWZIN0NmSXA1aDdQZi90akZHNmVoTnEyZlFiQjYzYkM1cU1JMDBBRkpMejYKUnAzMUZqNW1waDk4VFZtcGlCWUZEcDJCU2ZncElsK3M1bW1FL2hIcXAyelJWZi9DaFhoWmpXbjI0eTVRVVpuKwovK2pXSHp1WmVKYXh4VHBIVGtIQ3luSUZTQmJFcGU1eDA4WStvUDBhN01TUmNxYXpCU0Z5OFFkRWlmb0RDbWRmCmYzWVVNc2lzaHE2TUJvMFhEMUlUU2dUSndsQTN1QWJVbHh6dVZqVDlDTCtENUtOaWNGUkZNajFEdk9hZk0rb2YKM2FKbUZrVlhtWVlzNVFZdWxqRjQ2dz09Ci0tLS0tRU5EIENFUlRJRklDQVRFLS0tLS0K"
              }
            ],
            "master_authorized_networks_config": [],
            "master_version": "1.27.3-gke.100",
            "mesh_certificates": [],
            "min_master_version": null,
            "monitoring_config": [
              {
                "advanced_datapath_observability_config": [
                  {
                    "enable_metrics": false,
                    "relay_mode": "DISABLED"
                  }
                ],
                "enable_components": [
                  "SYSTEM_COMPONENTS"
                ],
                "managed_prometheus": [
                  {
                    "enabled": true
                  }
                ]
              }
            ],
            "monitoring_service": "monitoring.googleapis.com/kubernetes",
            "name": "gifs-website-cluster-test",
            "network": "projects/lofty-dynamics-393510/global/networks/gifs-website-test",
            "network_policy": [
              {
                "enabled": false,
                "provider": "PROVIDER_UNSPECIFIED"
              }
            ],
            "networking_mode": "ROUTES",
            "node_config": [
              {
                "advanced_machine_features": [],
                "boot_disk_kms_key": "",
                "disk_size_gb": 100,
                "disk_type": "pd-balanced",
                "ephemeral_storage_local_ssd_config": [],
                "gcfs_config": [],
                "guest_accelerator": [],
                "gvnic": [],
                "host_maintenance_policy": [],
                "image_type": "COS_CONTAINERD",
                "kubelet_config": [],
                "labels": {},
                "linux_node_config": [],
                "local_nvme_ssd_block_config": [],
                "local_ssd_count": 0,
                "logging_variant": "DEFAULT",
                "machine_type": "e2-medium",
                "metadata": {
                  "disable-legacy-endpoints": "true"
                },
                "min_cpu_platform": "",
                "node_group": "",
                "oauth_scopes": [
                  "https://www.googleapis.com/auth/devstorage.read_only",
                  "https://www.googleapis.com/auth/logging.write",
                  "https://www.googleapis.com/auth/monitoring",
                  "https://www.googleapis.com/auth/service.management.readonly",
                  "https://www.googleapis.com/auth/servicecontrol",
                  "https://www.googleapis.com/auth/trace.append"
                ],
                "preemptible": false,
                "reservation_affinity": [],
                "resource_labels": {},
                "service_account": "default",
                "shielded_instance_config": [
                  {
                    "enable_integrity_monitoring": true,
                    "enable_secure_boot": false
                  }
                ],
                "sole_tenant_config": [],
                "spot": false,
                "tags": [],
                "taint": [],
                "workload_metadata_config": []
              }
            ],
            "node_locations": [
              "europe-west1-b",
              "europe-west1-c",
              "europe-west1-d"
            ],
            "node_pool": [
              {
                "autoscaling": [],
                "initial_node_count": 1,
                "instance_group_urls": [
                  "https://www.googleapis.com/compute/v1/projects/lofty-dynamics-393510/zones/europe-west1-d/instanceGroupManagers/gke-gifs-website-cluster-default-pool-57dbe7a5-grp",
                  "https://www.googleapis.com/compute/v1/projects/lofty-dynamics-393510/zones/europe-west1-c/instanceGroupManagers/gke-gifs-website-cluster-default-pool-c361fbb2-grp",
                  "https://www.googleapis.com/compute/v1/projects/lofty-dynamics-393510/zones/europe-west1-b/instanceGroupManagers/gke-gifs-website-cluster-default-pool-02309e49-grp"
                ],
                "managed_instance_group_urls": [
                  "https://www.googleapis.com/compute/v1/projects/lofty-dynamics-393510/zones/europe-west1-d/instanceGroups/gke-gifs-website-cluster-default-pool-57dbe7a5-grp",
                  "https://www.googleapis.com/compute/v1/projects/lofty-dynamics-393510/zones/europe-west1-c/instanceGroups/gke-gifs-website-cluster-default-pool-c361fbb2-grp",
                  "https://www.googleapis.com/compute/v1/projects/lofty-dynamics-393510/zones/europe-west1-b/instanceGroups/gke-gifs-website-cluster-default-pool-02309e49-grp"
                ],
                "management": [
                  {
                    "auto_repair": true,
                    "auto_upgrade": true
                  }
                ],
                "max_pods_per_node": 0,
                "name": "default-pool",
                "name_prefix": "",
                "network_config": [
                  {
                    "create_pod_range": false,
                    "enable_private_nodes": false,
                    "pod_cidr_overprovision_config": [],
                    "pod_ipv4_cidr_block": "",
                    "pod_range": ""
                  }
                ],
                "node_config": [
                  {
                    "advanced_machine_features": [],
                    "boot_disk_kms_key": "",
                    "disk_size_gb": 100,
                    "disk_type": "pd-balanced",
                    "ephemeral_storage_local_ssd_config": [],
                    "gcfs_config": [],
                    "guest_accelerator": [],
                    "gvnic": [],
                    "host_maintenance_policy": [],
                    "image_type": "COS_CONTAINERD",
                    "kubelet_config": [],
                    "labels": {},
                    "linux_node_config": [],
                    "local_nvme_ssd_block_config": [],
                    "local_ssd_count": 0,
                    "logging_variant": "DEFAULT",
                    "machine_type": "e2-medium",
                    "metadata": {
                      "disable-legacy-endpoints": "true"
                    },
                    "min_cpu_platform": "",
                    "node_group": "",
                    "oauth_scopes": [
                      "https://www.googleapis.com/auth/devstorage.read_only",
                      "https://www.googleapis.com/auth/logging.write",
                      "https://www.googleapis.com/auth/monitoring",
                      "https://www.googleapis.com/auth/service.management.readonly",
                      "https://www.googleapis.com/auth/servicecontrol",
                      "https://www.googleapis.com/auth/trace.append"
                    ],
                    "preemptible": false,
                    "reservation_affinity": [],
                    "resource_labels": {},
                    "service_account": "default",
                    "shielded_instance_config": [
                      {
                        "enable_integrity_monitoring": true,
                        "enable_secure_boot": false
                      }
                    ],
                    "sole_tenant_config": [],
                    "spot": false,
                    "tags": [],
                    "taint": [],
                    "workload_metadata_config": []
                  }
                ],
                "node_count": 1,
                "node_locations": [
                  "europe-west1-b",
                  "europe-west1-c",
                  "europe-west1-d"
                ],
                "placement_policy": [],
                "upgrade_settings": [
                  {
                    "blue_green_settings": [],
                    "max_surge": 1,
                    "max_unavailable": 0,
                    "strategy": "SURGE"
                  }
                ],
                "version": "1.27.3-gke.100"
              }
            ],
            "node_pool_defaults": [
              {
                "node_config_defaults": [
                  {
                    "logging_variant": "DEFAULT"
                  }
                ]
              }
            ],
            "node_version": "1.27.3-gke.100",
            "notification_config": [
              {
                "pubsub": [
                  {
                    "enabled": false,
                    "filter": [],
                    "topic": ""
                  }
                ]
              }
            ],
            "operation": null,
            "private_cluster_config": [
              {
                "enable_private_endpoint": false,
                "enable_private_nodes": false,
                "master_global_access_config": [
                  {
                    "enabled": false
                  }
                ],
                "master_ipv4_cidr_block": "",
                "peering_name": "",
                "private_endpoint": "10.132.0.15",
                "private_endpoint_subnetwork": "",
                "public_endpoint": "34.76.163.195"
              }
            ],
            "private_ipv6_google_access": "",
            "project": "lofty-dynamics-393510",
            "release_channel": [
              {
                "channel": "REGULAR"
              }
            ],
            "remove_default_node_pool": null,
            "resource_labels": null,
            "resource_usage_export_config": [],
            "security_posture_config": [
              {
                "mode": "BASIC",
                "vulnerability_mode": "VULNERABILITY_MODE_UNSPECIFIED"
              }
            ],
            "self_link": "https://container.googleapis.com/v1/projects/lofty-dynamics-393510/locations/europe-west1/clusters/gifs-website-cluster-test",
            "service_external_ips_config": [
              {
                "enabled": false
              }
            ],
            "services_ipv4_cidr": "10.11.240.0/20",
            "subnetwork": "projects/lofty-dynamics-393510/regions/europe-west1/subnetworks/gifs-website-test",
            "timeouts": null,
            "tpu_ipv4_cidr_block": "",
            "vertical_pod_autoscaling": [],
            "workload_identity_config": []
          },
          "sensitive_attributes": [],
          "private": "eyJlMmJmYjczMC1lY2FhLTExZTYtOGY4OC0zNDM2M2JjN2M0YzAiOnsiY3JlYXRlIjoyNDAwMDAwMDAwMDAwLCJkZWxldGUiOjI0MDAwMDAwMDAwMDAsInJlYWQiOjI0MDAwMDAwMDAwMDAsInVwZGF0ZSI6MzYwMDAwMDAwMDAwMH0sInNjaGVtYV92ZXJzaW9uIjoiMSJ9"
        }
      ]
    },
    {
      "mode": "managed",
      "type": "google_container_node_pool",
      "name": "test_node_pool",
      "provider": "provider[\"registry.terraform.io/hashicorp/google\"]",
      "instances": [
        {
          "schema_version": 1,
          "attributes": {
            "autoscaling": [
              {
                "location_policy": "BALANCED",
                "max_node_count": 3,
                "min_node_count": 1,
                "total_max_node_count": 0,
                "total_min_node_count": 0
              }
            ],
            "cluster": "gifs-website-cluster-test",
            "id": "projects/lofty-dynamics-393510/locations/europe-west1/clusters/gifs-website-cluster-test/nodePools/test-node-pool",
            "initial_node_count": 1,
            "instance_group_urls": [
              "https://www.googleapis.com/compute/v1/projects/lofty-dynamics-393510/zones/europe-west1-d/instanceGroupManagers/gke-gifs-website-clust-test-node-pool-8c490e8f-grp",
              "https://www.googleapis.com/compute/v1/projects/lofty-dynamics-393510/zones/europe-west1-c/instanceGroupManagers/gke-gifs-website-clust-test-node-pool-b541beeb-grp",
              "https://www.googleapis.com/compute/v1/projects/lofty-dynamics-393510/zones/europe-west1-b/instanceGroupManagers/gke-gifs-website-clust-test-node-pool-94133028-grp"
            ],
            "location": "europe-west1",
            "managed_instance_group_urls": [
              "https://www.googleapis.com/compute/v1/projects/lofty-dynamics-393510/zones/europe-west1-d/instanceGroups/gke-gifs-website-clust-test-node-pool-8c490e8f-grp",
              "https://www.googleapis.com/compute/v1/projects/lofty-dynamics-393510/zones/europe-west1-c/instanceGroups/gke-gifs-website-clust-test-node-pool-b541beeb-grp",
              "https://www.googleapis.com/compute/v1/projects/lofty-dynamics-393510/zones/europe-west1-b/instanceGroups/gke-gifs-website-clust-test-node-pool-94133028-grp"
            ],
            "management": [
              {
                "auto_repair": true,
                "auto_upgrade": true
              }
            ],
            "max_pods_per_node": null,
            "name": "test-node-pool",
            "name_prefix": "",
            "network_config": [
              {
                "create_pod_range": false,
                "enable_private_nodes": false,
                "pod_cidr_overprovision_config": [],
                "pod_ipv4_cidr_block": "",
                "pod_range": ""
              }
            ],
            "node_config": [
              {
                "advanced_machine_features": [],
                "boot_disk_kms_key": "",
                "disk_size_gb": 12,
                "disk_type": "pd-standard",
                "ephemeral_storage_local_ssd_config": [],
                "gcfs_config": [],
                "guest_accelerator": [],
                "gvnic": [],
                "host_maintenance_policy": [],
                "image_type": "COS_CONTAINERD",
                "kubelet_config": [],
                "labels": {},
                "linux_node_config": [],
                "local_nvme_ssd_block_config": [],
                "local_ssd_count": 0,
                "logging_variant": "DEFAULT",
                "machine_type": "e2-micro",
                "metadata": {
                  "disable-legacy-endpoints": "true"
                },
                "min_cpu_platform": "",
                "node_group": "",
                "oauth_scopes": [
                  "https://www.googleapis.com/auth/devstorage.read_only",
                  "https://www.googleapis.com/auth/logging.write",
                  "https://www.googleapis.com/auth/monitoring",
                  "https://www.googleapis.com/auth/service.management.readonly",
                  "https://www.googleapis.com/auth/servicecontrol",
                  "https://www.googleapis.com/auth/trace.append"
                ],
                "preemptible": false,
                "reservation_affinity": [],
                "resource_labels": null,
                "service_account": "default",
                "shielded_instance_config": [
                  {
                    "enable_integrity_monitoring": true,
                    "enable_secure_boot": false
                  }
                ],
                "sole_tenant_config": [],
                "spot": false,
                "tags": null,
                "taint": [],
                "workload_metadata_config": []
              }
            ],
            "node_count": 1,
            "node_locations": [
              "europe-west1-b",
              "europe-west1-c",
              "europe-west1-d"
            ],
            "operation": null,
            "placement_policy": [],
            "project": "lofty-dynamics-393510",
            "timeouts": null,
            "upgrade_settings": [
              {
                "blue_green_settings": [],
                "max_surge": 1,
                "max_unavailable": 0,
                "strategy": "SURGE"
              }
            ],
            "version": "1.27.3-gke.100"
          },
          "sensitive_attributes": [],
          "private": "eyJlMmJmYjczMC1lY2FhLTExZTYtOGY4OC0zNDM2M2JjN2M0YzAiOnsiY3JlYXRlIjoxODAwMDAwMDAwMDAwLCJkZWxldGUiOjE4MDAwMDAwMDAwMDAsInVwZGF0ZSI6MTgwMDAwMDAwMDAwMH0sInNjaGVtYV92ZXJzaW9uIjoiMSJ9",
          "dependencies": [
            "google_container_cluster.gifs-website-cluster-test"
          ]
        }
      ]
    }
  ],
  "check_results": null
}
